<?xml version="1.0" encoding="utf-8"?>
<Project ToolsVersion="4.0" xmlns="http://schemas.microsoft.com/developer/msbuild/2003">
  <ItemGroup>
    <ClCompile Include="GameMessages.refl.cpp" />
    <ClCompile Include="GameStage.cpp" />
    <ClCompile Include="GameNetworkEvents.refl.cpp" />
    <ClCompile Include="GameController.refl.cpp" />
    <ClCompile Include="GameSharedGlobalResources.cpp" />
    <ClCompile Include="GameSharedInstanceResources.cpp" />
    <ClCompile Include="AI\PlayerAI.cpp">
      <Filter>AI</Filter>
    </ClCompile>
    <ClCompile Include="Data\PlayerSpawn.refl.reg.cpp">
      <Filter>Data</Filter>
    </ClCompile>
    <ClCompile Include="GameServerTypes.cpp" />
    <ClCompile Include="GameEventReconciler.cpp">
      <Filter>Shared</Filter>
    </ClCompile>
    <ClCompile Include="GameLevelList.cpp">
      <Filter>Shared</Filter>
    </ClCompile>
    <ClCompile Include="GameLogicContainer.cpp">
      <Filter>Shared</Filter>
    </ClCompile>
    <ClCompile Include="GameNetworkExternals.refl.cpp">
      <Filter>Shared</Filter>
    </ClCompile>
    <ClCompile Include="GameStageManager.cpp">
      <Filter>Shared</Filter>
    </ClCompile>
    <ClCompile Include="GameValidation.cpp">
      <Filter>Shared</Filter>
    </ClCompile>
    <ClCompile Include="GameWebrtc.cpp">
      <Filter>Shared</Filter>
    </ClCompile>
    <ClCompile Include="GameCommon.cpp" />
    <ClCompile Include="ServerObjects\Player\PlayerServerObject.refl.cpp">
      <Filter>ServerObjects\Player</Filter>
    </ClCompile>
    <ClCompile Include="ServerObjects\Player\PlayerServerObject.refl.reg.cpp">
      <Filter>ServerObjects\Player</Filter>
    </ClCompile>
    <ClCompile Include="ServerObjects\Player\States\PlayerStateBase.refl.cpp">
      <Filter>ServerObjects\Player\States</Filter>
    </ClCompile>
    <ClCompile Include="ServerObjects\Player\States\PlayerStateIdle.refl.cpp">
      <Filter>ServerObjects\Player\States</Filter>
    </ClCompile>
    <ClCompile Include="ServerObjects\Player\States\PlayerStateMoving.refl.cpp">
      <Filter>ServerObjects\Player\States</Filter>
    </ClCompile>
    <ClCompile Include="ServerObjects\Player\States\PlayerStateJump.refl.cpp">
      <Filter>ServerObjects\Player\States</Filter>
    </ClCompile>
    <ClCompile Include="Systems\GameLogicSystems.cpp">
      <Filter>Systems</Filter>
    </ClCompile>
  </ItemGroup>
  <ItemGroup>
    <ClInclude Include="GameMessages.refl.h" />
    <ClInclude Include="GameMessages.refl.meta.h" />
    <ClInclude Include="GameProtocol.h" />
    <ClInclude Include="GameStage.h" />
    <ClInclude Include="GameNetworkEvents.refl.h" />
    <ClInclude Include="GameNetworkEvents.refl.meta.h" />
    <ClInclude Include="GameNetworkData.refl.meta.h" />
    <ClInclude Include="GameSimulationEventCallbacks.h" />
    <ClInclude Include="GameNetworkData.refl.h" />
    <ClInclude Include="GameNetworkSettings.h" />
    <ClInclude Include="GameFullState.refl.h" />
    <ClInclude Include="GameFullState.refl.meta.h" />
    <ClInclude Include="GameServerEventSender.h" />
    <ClInclude Include="GameController.refl.h" />
    <ClInclude Include="GameController.refl.meta.h" />
    <ClInclude Include="GameServerTypes.h" />
    <ClInclude Include="GameSharedGlobalResources.h" />
    <ClInclude Include="GameSharedInstanceResources.h" />
    <ClInclude Include="AI\PlayerAI.h">
      <Filter>AI</Filter>
    </ClInclude>
    <ClInclude Include="Data\PlayerSpawn.refl.h">
      <Filter>Data</Filter>
    </ClInclude>
    <ClInclude Include="Data\PlayerSpawn.refl.meta.h">
      <Filter>Data</Filter>
    </ClInclude>
    <ClInclude Include="GameEventReconciler.h">
      <Filter>Shared</Filter>
    </ClInclude>
    <ClInclude Include="GameLevelList.h">
      <Filter>Shared</Filter>
    </ClInclude>
    <ClInclude Include="GameLevelListAsset.refl.h">
      <Filter>Shared</Filter>
    </ClInclude>
    <ClInclude Include="GameLevelListAsset.refl.meta.h">
      <Filter>Shared</Filter>
    </ClInclude>
    <ClInclude Include="GameLogicContainer.h">
      <Filter>Shared</Filter>
    </ClInclude>
    <ClInclude Include="GameNetworkExternals.refl.h">
      <Filter>Shared</Filter>
    </ClInclude>
    <ClInclude Include="GameNetworkExternals.refl.meta.h">
      <Filter>Shared</Filter>
    </ClInclude>
    <ClInclude Include="GameStageManager.h">
      <Filter>Shared</Filter>
    </ClInclude>
    <ClInclude Include="GameValidation.h">
      <Filter>Shared</Filter>
    </ClInclude>
    <ClInclude Include="GameCommon.h" />
    <ClInclude Include="ServerObjects\Player\PlayerServerObject.refl.h">
      <Filter>ServerObjects\Player</Filter>
    </ClInclude>
    <ClInclude Include="ServerObjects\Player\PlayerServerObject.refl.meta.h">
      <Filter>ServerObjects\Player</Filter>
    </ClInclude>
    <ClInclude Include="GameplayEvents\PlaceholderEvent.h">
      <Filter>GameplayEvents</Filter>
    </ClInclude>
    <ClInclude Include="ServerObjects\Player\States\PlayerStateBase.refl.h">
      <Filter>ServerObjects\Player\States</Filter>
    </ClInclude>
    <ClInclude Include="ServerObjects\Player\States\PlayerStateBase.refl.meta.h">
      <Filter>ServerObjects\Player\States</Filter>
    </ClInclude>
    <ClInclude Include="ServerObjects\Player\States\PlayerStateIdle.refl.h">
      <Filter>ServerObjects\Player\States</Filter>
    </ClInclude>
    <ClInclude Include="ServerObjects\Player\States\PlayerStateIdle.refl.meta.h">
      <Filter>ServerObjects\Player\States</Filter>
    </ClInclude>
    <ClInclude Include="ServerObjects\Player\States\PlayerStateMoving.refl.h">
      <Filter>ServerObjects\Player\States</Filter>
    </ClInclude>
    <ClInclude Include="ServerObjects\Player\States\PlayerStateMoving.refl.meta.h">
      <Filter>ServerObjects\Player\States</Filter>
    </ClInclude>
    <ClInclude Include="ServerObjects\Player\PlayerSettings.h">
      <Filter>ServerObjects\Player</Filter>
    </ClInclude>
    <ClInclude Include="ServerObjects\Player\States\PlayerStateJump.refl.h">
      <Filter>ServerObjects\Player\States</Filter>
    </ClInclude>
    <ClInclude Include="ServerObjects\Player\States\PlayerStateJump.refl.meta.h">
      <Filter>ServerObjects\Player\States</Filter>
    </ClInclude>
    <ClInclude Include="Systems\GameLogicSystems.h">
      <Filter>Systems</Filter>
    </ClInclude>
    <ClInclude Include="Systems\GameDeliberateSyncSystemlist.h">
      <Filter>Systems</Filter>
    </ClInclude>
  </ItemGroup>
  <ItemGroup>
    <Filter Include="Systems">
      <UniqueIdentifier>{9fb4ed09-f485-45b7-8297-a741cf230488}</UniqueIdentifier>
    </Filter>
    <Filter Include="Configs">
      <UniqueIdentifier>{91500a31-cdd3-4f0f-bf47-11e7eb3dfbaa}</UniqueIdentifier>
    </Filter>
    <Filter Include="ServerObjects">
      <UniqueIdentifier>{512fa304-a5c3-4cf1-aef6-62ad302a4a1b}</UniqueIdentifier>
    </Filter>
    <Filter Include="Data">
      <UniqueIdentifier>{c7a1eb28-f8e4-4cbe-8dda-3174d3ddd9e8}</UniqueIdentifier>
    </Filter>
    <Filter Include="AI">
      <UniqueIdentifier>{a4e860f9-13bc-4749-acee-ff403ee548c3}</UniqueIdentifier>
    </Filter>
    <Filter Include="Shared">
      <UniqueIdentifier>{955f69d9-8cd6-494a-bb03-8d84763820c3}</UniqueIdentifier>
    </Filter>
    <Filter Include="ServerObjects\Player">
      <UniqueIdentifier>{81d77cb7-5ce4-470f-a021-cfffe62b3e9b}</UniqueIdentifier>
    </Filter>
    <Filter Include="ServerObjects\Player\States">
      <UniqueIdentifier>{51aec00b-e512-41c7-b100-9ea91b93f3b1}</UniqueIdentifier>
    </Filter>
    <Filter Include="GameplayEvents">
      <UniqueIdentifier>{4df865c3-8017-4113-a781-263cd43edc70}</UniqueIdentifier>
    </Filter>
  </ItemGroup>
</Project>