
Microsoft Visual Studio Solution File, Format Version 12.00
# Visual Studio 14
VisualStudioVersion = 14.0.25123.0
MinimumVisualStudioVersion = 10.0.40219.1
Project("{8BC9CEB8-8B4A-11D0-8D11-00A0C91BC942}") = "Foundation", "Foundation\Foundation.vcxproj", "{39856B1A-B463-4D99-9859-74912E1C6D00}"
EndProject
Project("{8BC9CEB8-8B4A-11D0-8D11-00A0C91BC942}") = "External", "External\External.vcxproj", "{F2C9910C-3E6E-4752-A69E-810CC743BC10}"
EndProject
Project("{8BC9CEB8-8B4A-11D0-8D11-00A0C91BC942}") = "UnitTests", "UnitTests\UnitTests.vcxproj", "{78903FAA-D030-4287-AF7D-980A26193FE6}"
	ProjectSection(ProjectDependencies) = postProject
		{39856B1A-B463-4D99-9859-74912E1C6D00} = {39856B1A-B463-4D99-9859-74912E1C6D00}
	EndProjectSection
EndProject
Project("{8BC9CEB8-8B4A-11D0-8D11-00A0C91BC942}") = "Data", "Data\Data.vcxproj", "{A9EBCF0F-5C76-4487-AC43-A09536E31735}"
EndProject
Project("{8BC9CEB8-8B4A-11D0-8D11-00A0C91BC942}") = "Engine", "Engine\Engine.vcxproj", "{20CE5C06-23AD-46F5-842D-065D07457C7F}"
	ProjectSection(ProjectDependencies) = postProject
		{F2C9910C-3E6E-4752-A69E-810CC743BC10} = {F2C9910C-3E6E-4752-A69E-810CC743BC10}
		{39856B1A-B463-4D99-9859-74912E1C6D00} = {39856B1A-B463-4D99-9859-74912E1C6D00}
	EndProjectSection
EndProject
Project("{8BC9CEB8-8B4A-11D0-8D11-00A0C91BC942}") = "SDL", "External\SDL\SDL.vcxproj", "{98981703-76B2-458F-9423-C32B3C26C2C3}"
EndProject
Project("{8BC9CEB8-8B4A-11D0-8D11-00A0C91BC942}") = "Gainput", "External\gainput\gainput.vcxproj", "{DE3D1D0D-5EB3-4A03-BE00-33A647EB94F3}"
EndProject
Project("{2150E333-8FDC-42A3-9474-1A3956D46DE8}") = "ExternalProjects", "ExternalProjects", "{E7F6A91D-CD7D-4B7E-8984-17877D105905}"
EndProject
Project("{8BC9CEB8-8B4A-11D0-8D11-00A0C91BC942}") = "DocumentServer", "DocumentServer\DocumentServer.vcxproj", "{C164FB14-A144-4DC4-832D-F96D053617DA}"
EndProject
Project("{8BC9CEB8-8B4A-11D0-8D11-00A0C91BC942}") = "StormSockets", "External\StormSockets\StormSockets.vcxproj", "{584EBD2F-7AFB-4D57-A8F9-E9438A53B1A9}"
EndProject
Project("{8BC9CEB8-8B4A-11D0-8D11-00A0C91BC942}") = "mbedtls", "External\mbedtls\mbedtls.vcxproj", "{C66678ED-EB9F-45A3-9BBA-CE24AAA7A4AD}"
EndProject
Project("{8BC9CEB8-8B4A-11D0-8D11-00A0C91BC942}") = "opus", "External\opus\opus.vcxproj", "{1C2FB29D-FF31-418D-9F6F-ABE318E56061}"
EndProject
Project("{8BC9CEB8-8B4A-11D0-8D11-00A0C91BC942}") = "portaudio", "External\portaudio\portaudio.vcxproj", "{CD7B772F-B56C-424C-BB93-944FE648F621}"
EndProject
Global
	GlobalSection(SolutionConfigurationPlatforms) = preSolution
		Debug|x64 = Debug|x64
		Debug|x86 = Debug|x86
		Release|x64 = Release|x64
		Release|x86 = Release|x86
	EndGlobalSection
	GlobalSection(ProjectConfigurationPlatforms) = postSolution
		{39856B1A-B463-4D99-9859-74912E1C6D00}.Debug|x64.ActiveCfg = Debug|x64
		{39856B1A-B463-4D99-9859-74912E1C6D00}.Debug|x64.Build.0 = Debug|x64
		{39856B1A-B463-4D99-9859-74912E1C6D00}.Debug|x86.ActiveCfg = Debug|Win32
		{39856B1A-B463-4D99-9859-74912E1C6D00}.Debug|x86.Build.0 = Debug|Win32
		{39856B1A-B463-4D99-9859-74912E1C6D00}.Release|x64.ActiveCfg = Release|x64
		{39856B1A-B463-4D99-9859-74912E1C6D00}.Release|x64.Build.0 = Release|x64
		{39856B1A-B463-4D99-9859-74912E1C6D00}.Release|x86.ActiveCfg = Release|Win32
		{39856B1A-B463-4D99-9859-74912E1C6D00}.Release|x86.Build.0 = Release|Win32
		{F2C9910C-3E6E-4752-A69E-810CC743BC10}.Debug|x64.ActiveCfg = Debug|x64
		{F2C9910C-3E6E-4752-A69E-810CC743BC10}.Debug|x64.Build.0 = Debug|x64
		{F2C9910C-3E6E-4752-A69E-810CC743BC10}.Debug|x86.ActiveCfg = Debug|Win32
		{F2C9910C-3E6E-4752-A69E-810CC743BC10}.Debug|x86.Build.0 = Debug|Win32
		{F2C9910C-3E6E-4752-A69E-810CC743BC10}.Release|x64.ActiveCfg = Release|x64
		{F2C9910C-3E6E-4752-A69E-810CC743BC10}.Release|x64.Build.0 = Release|x64
		{F2C9910C-3E6E-4752-A69E-810CC743BC10}.Release|x86.ActiveCfg = Release|Win32
		{F2C9910C-3E6E-4752-A69E-810CC743BC10}.Release|x86.Build.0 = Release|Win32
		{78903FAA-D030-4287-AF7D-980A26193FE6}.Debug|x64.ActiveCfg = Debug|x64
		{78903FAA-D030-4287-AF7D-980A26193FE6}.Debug|x64.Build.0 = Debug|x64
		{78903FAA-D030-4287-AF7D-980A26193FE6}.Debug|x86.ActiveCfg = Debug|Win32
		{78903FAA-D030-4287-AF7D-980A26193FE6}.Debug|x86.Build.0 = Debug|Win32
		{78903FAA-D030-4287-AF7D-980A26193FE6}.Release|x64.ActiveCfg = Release|x64
		{78903FAA-D030-4287-AF7D-980A26193FE6}.Release|x64.Build.0 = Release|x64
		{78903FAA-D030-4287-AF7D-980A26193FE6}.Release|x86.ActiveCfg = Release|Win32
		{78903FAA-D030-4287-AF7D-980A26193FE6}.Release|x86.Build.0 = Release|Win32
		{A9EBCF0F-5C76-4487-AC43-A09536E31735}.Debug|x64.ActiveCfg = Debug|x64
		{A9EBCF0F-5C76-4487-AC43-A09536E31735}.Debug|x64.Build.0 = Debug|x64
		{A9EBCF0F-5C76-4487-AC43-A09536E31735}.Debug|x86.ActiveCfg = Debug|Win32
		{A9EBCF0F-5C76-4487-AC43-A09536E31735}.Debug|x86.Build.0 = Debug|Win32
		{A9EBCF0F-5C76-4487-AC43-A09536E31735}.Release|x64.ActiveCfg = Release|x64
		{A9EBCF0F-5C76-4487-AC43-A09536E31735}.Release|x64.Build.0 = Release|x64
		{A9EBCF0F-5C76-4487-AC43-A09536E31735}.Release|x86.ActiveCfg = Release|Win32
		{A9EBCF0F-5C76-4487-AC43-A09536E31735}.Release|x86.Build.0 = Release|Win32
		{20CE5C06-23AD-46F5-842D-065D07457C7F}.Debug|x64.ActiveCfg = Debug|x64
		{20CE5C06-23AD-46F5-842D-065D07457C7F}.Debug|x64.Build.0 = Debug|x64
		{20CE5C06-23AD-46F5-842D-065D07457C7F}.Debug|x86.ActiveCfg = Debug|Win32
		{20CE5C06-23AD-46F5-842D-065D07457C7F}.Debug|x86.Build.0 = Debug|Win32
		{20CE5C06-23AD-46F5-842D-065D07457C7F}.Release|x64.ActiveCfg = Release|x64
		{20CE5C06-23AD-46F5-842D-065D07457C7F}.Release|x64.Build.0 = Release|x64
		{20CE5C06-23AD-46F5-842D-065D07457C7F}.Release|x86.ActiveCfg = Release|Win32
		{20CE5C06-23AD-46F5-842D-065D07457C7F}.Release|x86.Build.0 = Release|Win32
		{98981703-76B2-458F-9423-C32B3C26C2C3}.Debug|x64.ActiveCfg = Debug|x64
		{98981703-76B2-458F-9423-C32B3C26C2C3}.Debug|x64.Build.0 = Debug|x64
		{98981703-76B2-458F-9423-C32B3C26C2C3}.Debug|x86.ActiveCfg = Debug|Win32
		{98981703-76B2-458F-9423-C32B3C26C2C3}.Debug|x86.Build.0 = Debug|Win32
		{98981703-76B2-458F-9423-C32B3C26C2C3}.Release|x64.ActiveCfg = Release|x64
		{98981703-76B2-458F-9423-C32B3C26C2C3}.Release|x64.Build.0 = Release|x64
		{98981703-76B2-458F-9423-C32B3C26C2C3}.Release|x86.ActiveCfg = Release|Win32
		{98981703-76B2-458F-9423-C32B3C26C2C3}.Release|x86.Build.0 = Release|Win32
		{DE3D1D0D-5EB3-4A03-BE00-33A647EB94F3}.Debug|x64.ActiveCfg = Debug|x64
		{DE3D1D0D-5EB3-4A03-BE00-33A647EB94F3}.Debug|x64.Build.0 = Debug|x64
		{DE3D1D0D-5EB3-4A03-BE00-33A647EB94F3}.Debug|x86.ActiveCfg = Debug|Win32
		{DE3D1D0D-5EB3-4A03-BE00-33A647EB94F3}.Debug|x86.Build.0 = Debug|Win32
		{DE3D1D0D-5EB3-4A03-BE00-33A647EB94F3}.Release|x64.ActiveCfg = Release|x64
		{DE3D1D0D-5EB3-4A03-BE00-33A647EB94F3}.Release|x64.Build.0 = Release|x64
		{DE3D1D0D-5EB3-4A03-BE00-33A647EB94F3}.Release|x86.ActiveCfg = Release|Win32
		{DE3D1D0D-5EB3-4A03-BE00-33A647EB94F3}.Release|x86.Build.0 = Release|Win32
		{C164FB14-A144-4DC4-832D-F96D053617DA}.Debug|x64.ActiveCfg = Debug|x64
		{C164FB14-A144-4DC4-832D-F96D053617DA}.Debug|x64.Build.0 = Debug|x64
		{C164FB14-A144-4DC4-832D-F96D053617DA}.Debug|x86.ActiveCfg = Debug|Win32
		{C164FB14-A144-4DC4-832D-F96D053617DA}.Debug|x86.Build.0 = Debug|Win32
		{C164FB14-A144-4DC4-832D-F96D053617DA}.Release|x64.ActiveCfg = Release|x64
		{C164FB14-A144-4DC4-832D-F96D053617DA}.Release|x64.Build.0 = Release|x64
		{C164FB14-A144-4DC4-832D-F96D053617DA}.Release|x86.ActiveCfg = Release|Win32
		{C164FB14-A144-4DC4-832D-F96D053617DA}.Release|x86.Build.0 = Release|Win32
		{584EBD2F-7AFB-4D57-A8F9-E9438A53B1A9}.Debug|x64.ActiveCfg = Debug|x64
		{584EBD2F-7AFB-4D57-A8F9-E9438A53B1A9}.Debug|x64.Build.0 = Debug|x64
		{584EBD2F-7AFB-4D57-A8F9-E9438A53B1A9}.Debug|x86.ActiveCfg = Debug|Win32
		{584EBD2F-7AFB-4D57-A8F9-E9438A53B1A9}.Debug|x86.Build.0 = Debug|Win32
		{584EBD2F-7AFB-4D57-A8F9-E9438A53B1A9}.Release|x64.ActiveCfg = Release|x64
		{584EBD2F-7AFB-4D57-A8F9-E9438A53B1A9}.Release|x64.Build.0 = Release|x64
		{584EBD2F-7AFB-4D57-A8F9-E9438A53B1A9}.Release|x86.ActiveCfg = Release|Win32
		{584EBD2F-7AFB-4D57-A8F9-E9438A53B1A9}.Release|x86.Build.0 = Release|Win32
		{C66678ED-EB9F-45A3-9BBA-CE24AAA7A4AD}.Debug|x64.ActiveCfg = Debug|x64
		{C66678ED-EB9F-45A3-9BBA-CE24AAA7A4AD}.Debug|x64.Build.0 = Debug|x64
		{C66678ED-EB9F-45A3-9BBA-CE24AAA7A4AD}.Debug|x86.ActiveCfg = Debug|Win32
		{C66678ED-EB9F-45A3-9BBA-CE24AAA7A4AD}.Debug|x86.Build.0 = Debug|Win32
		{C66678ED-EB9F-45A3-9BBA-CE24AAA7A4AD}.Release|x64.ActiveCfg = Release|x64
		{C66678ED-EB9F-45A3-9BBA-CE24AAA7A4AD}.Release|x64.Build.0 = Release|x64
		{C66678ED-EB9F-45A3-9BBA-CE24AAA7A4AD}.Release|x86.ActiveCfg = Release|Win32
		{C66678ED-EB9F-45A3-9BBA-CE24AAA7A4AD}.Release|x86.Build.0 = Release|Win32
		{1C2FB29D-FF31-418D-9F6F-ABE318E56061}.Debug|x64.ActiveCfg = Debug|x64
		{1C2FB29D-FF31-418D-9F6F-ABE318E56061}.Debug|x64.Build.0 = Debug|x64
		{1C2FB29D-FF31-418D-9F6F-ABE318E56061}.Debug|x86.ActiveCfg = Debug|Win32
		{1C2FB29D-FF31-418D-9F6F-ABE318E56061}.Debug|x86.Build.0 = Debug|Win32
		{1C2FB29D-FF31-418D-9F6F-ABE318E56061}.Release|x64.ActiveCfg = Release|x64
		{1C2FB29D-FF31-418D-9F6F-ABE318E56061}.Release|x64.Build.0 = Release|x64
		{1C2FB29D-FF31-418D-9F6F-ABE318E56061}.Release|x86.ActiveCfg = Release|Win32
		{1C2FB29D-FF31-418D-9F6F-ABE318E56061}.Release|x86.Build.0 = Release|Win32
		{CD7B772F-B56C-424C-BB93-944FE648F621}.Debug|x64.ActiveCfg = Debug|x64
		{CD7B772F-B56C-424C-BB93-944FE648F621}.Debug|x64.Build.0 = Debug|x64
		{CD7B772F-B56C-424C-BB93-944FE648F621}.Debug|x86.ActiveCfg = Debug|Win32
		{CD7B772F-B56C-424C-BB93-944FE648F621}.Debug|x86.Build.0 = Debug|Win32
		{CD7B772F-B56C-424C-BB93-944FE648F621}.Release|x64.ActiveCfg = Release|x64
		{CD7B772F-B56C-424C-BB93-944FE648F621}.Release|x64.Build.0 = Release|x64
		{CD7B772F-B56C-424C-BB93-944FE648F621}.Release|x86.ActiveCfg = Release|Win32
		{CD7B772F-B56C-424C-BB93-944FE648F621}.Release|x86.Build.0 = Release|Win32
	EndGlobalSection
	GlobalSection(SolutionProperties) = preSolution
		HideSolutionNode = FALSE
	EndGlobalSection
	GlobalSection(NestedProjects) = preSolution
		{F2C9910C-3E6E-4752-A69E-810CC743BC10} = {E7F6A91D-CD7D-4B7E-8984-17877D105905}
		{98981703-76B2-458F-9423-C32B3C26C2C3} = {E7F6A91D-CD7D-4B7E-8984-17877D105905}
		{DE3D1D0D-5EB3-4A03-BE00-33A647EB94F3} = {E7F6A91D-CD7D-4B7E-8984-17877D105905}
		{584EBD2F-7AFB-4D57-A8F9-E9438A53B1A9} = {E7F6A91D-CD7D-4B7E-8984-17877D105905}
		{C66678ED-EB9F-45A3-9BBA-CE24AAA7A4AD} = {E7F6A91D-CD7D-4B7E-8984-17877D105905}
		{1C2FB29D-FF31-418D-9F6F-ABE318E56061} = {E7F6A91D-CD7D-4B7E-8984-17877D105905}
		{CD7B772F-B56C-424C-BB93-944FE648F621} = {E7F6A91D-CD7D-4B7E-8984-17877D105905}
	EndGlobalSection
EndGlobal
