
Microsoft Visual Studio Solution File, Format Version 12.00
# Visual Studio 14
VisualStudioVersion = 14.0.25420.1
MinimumVisualStudioVersion = 10.0.40219.1
Project("{8BC9CEB8-8B4A-11D0-8D11-00A0C91BC942}") = "Foundation", "Foundation\Foundation.vcxproj", "{39856B1A-B463-4D99-9859-74912E1C6D00}"
EndProject
Project("{8BC9CEB8-8B4A-11D0-8D11-00A0C91BC942}") = "External", "External\External.vcxproj", "{F2C9910C-3E6E-4752-A69E-810CC743BC10}"
EndProject
Project("{8BC9CEB8-8B4A-11D0-8D11-00A0C91BC942}") = "UnitTests", "UnitTests\UnitTests.vcxproj", "{78903FAA-D030-4287-AF7D-980A26193FE6}"
	ProjectSection(ProjectDependencies) = postProject
		{39856B1A-B463-4D99-9859-74912E1C6D00} = {39856B1A-B463-4D99-9859-74912E1C6D00}
	EndProjectSection
EndProject
Project("{8BC9CEB8-8B4A-11D0-8D11-00A0C91BC942}") = "Engine", "Engine\Engine.vcxproj", "{20CE5C06-23AD-46F5-842D-065D07457C7F}"
	ProjectSection(ProjectDependencies) = postProject
		{F2C9910C-3E6E-4752-A69E-810CC743BC10} = {F2C9910C-3E6E-4752-A69E-810CC743BC10}
		{39856B1A-B463-4D99-9859-74912E1C6D00} = {39856B1A-B463-4D99-9859-74912E1C6D00}
	EndProjectSection
EndProject
Project("{8BC9CEB8-8B4A-11D0-8D11-00A0C91BC942}") = "SDL", "External\SDL\SDL.vcxproj", "{98981703-76B2-458F-9423-C32B3C26C2C3}"
EndProject
Project("{2150E333-8FDC-42A3-9474-1A3956D46DE8}") = "ExternalProjects", "ExternalProjects", "{E7F6A91D-CD7D-4B7E-8984-17877D105905}"
EndProject
Project("{8BC9CEB8-8B4A-11D0-8D11-00A0C91BC942}") = "DocumentServer", "DocumentServer\DocumentServer.vcxproj", "{C164FB14-A144-4DC4-832D-F96D053617DA}"
EndProject
Project("{8BC9CEB8-8B4A-11D0-8D11-00A0C91BC942}") = "mbedtls", "External\mbedtls\mbedtls.vcxproj", "{C66678ED-EB9F-45A3-9BBA-CE24AAA7A4AD}"
EndProject
Project("{8BC9CEB8-8B4A-11D0-8D11-00A0C91BC942}") = "opus", "External\opus\opus.vcxproj", "{1C2FB29D-FF31-418D-9F6F-ABE318E56061}"
EndProject
Project("{8BC9CEB8-8B4A-11D0-8D11-00A0C91BC942}") = "vorbis", "External\vorbis\vorbis.vcxproj", "{5DE1F49C-32C8-404F-AB22-10C74797DDDD}"
EndProject
Project("{8BC9CEB8-8B4A-11D0-8D11-00A0C91BC942}") = "StormRefl", "StormRefl\StormRefl.vcxproj", "{973B5E27-993B-410B-BF05-E70E1E52036F}"
EndProject
Project("{8BC9CEB8-8B4A-11D0-8D11-00A0C91BC942}") = "StormData", "StormData\StormData.vcxproj", "{CBEDCF5B-D149-46B4-B83C-7363CEB0B455}"
EndProject
Project("{8BC9CEB8-8B4A-11D0-8D11-00A0C91BC942}") = "StormSocketCPP", "StormSockets\StormSocketCPP.vcxproj", "{E7F69B00-71BF-4027-BC8F-2BC870406BC7}"
EndProject
Project("{8BC9CEB8-8B4A-11D0-8D11-00A0C91BC942}") = "Editor", "Editor\Editor.vcxproj", "{B12702AD-ABFB-343A-A199-8E24837244A3}"
	ProjectSection(ProjectDependencies) = postProject
		{C164FB14-A144-4DC4-832D-F96D053617DA} = {C164FB14-A144-4DC4-832D-F96D053617DA}
	EndProjectSection
EndProject
Project("{8BC9CEB8-8B4A-11D0-8D11-00A0C91BC942}") = "freetype", "External\freetype\freetype.vcxproj", "{41F87526-A047-4965-BA39-11B59A2F9484}"
EndProject
Project("{8BC9CEB8-8B4A-11D0-8D11-00A0C91BC942}") = "lua", "External\lua\lua.vcxproj", "{2C2ED4CE-1835-49F9-AE1E-2B3BF9942789}"
EndProject
Project("{8BC9CEB8-8B4A-11D0-8D11-00A0C91BC942}") = "QTUtil", "QTUtil\QTUtil.vcxproj", "{5BAF7B4F-12A5-4FB2-8B4C-64186FF5E162}"
EndProject
Project("{8BC9CEB8-8B4A-11D0-8D11-00A0C91BC942}") = "StormNet", "StormNet\StormNet.vcxproj", "{24B20138-31A9-4262-BBCF-EB2341371E14}"
EndProject
Project("{8BC9CEB8-8B4A-11D0-8D11-00A0C91BC942}") = "ENet", "External\enet\ENet.vcxproj", "{17492C4D-0484-4614-9EF5-A74566B9ACC8}"
EndProject
Project("{2150E333-8FDC-42A3-9474-1A3956D46DE8}") = "StormTech", "StormTech", "{91271FF9-9EF7-4891-B2C6-BE92A48A86BE}"
EndProject
Project("{8BC9CEB8-8B4A-11D0-8D11-00A0C91BC942}") = "StormNetBindingsEnet", "StormNet\StormNetBindingsEnet.vcxproj", "{38144850-9225-4138-BBB5-F5401AD9A6DB}"
EndProject
Global
	GlobalSection(SolutionConfigurationPlatforms) = preSolution
		Debug|x64 = Debug|x64
		Debug|x86 = Debug|x86
		Release|x64 = Release|x64
		Release|x86 = Release|x86
	EndGlobalSection
	GlobalSection(ProjectConfigurationPlatforms) = postSolution
		{39856B1A-B463-4D99-9859-74912E1C6D00}.Debug|x64.ActiveCfg = Debug|x64
		{39856B1A-B463-4D99-9859-74912E1C6D00}.Debug|x64.Build.0 = Debug|x64
		{39856B1A-B463-4D99-9859-74912E1C6D00}.Debug|x86.ActiveCfg = Debug|Win32
		{39856B1A-B463-4D99-9859-74912E1C6D00}.Debug|x86.Build.0 = Debug|Win32
		{39856B1A-B463-4D99-9859-74912E1C6D00}.Release|x64.ActiveCfg = Release|x64
		{39856B1A-B463-4D99-9859-74912E1C6D00}.Release|x64.Build.0 = Release|x64
		{39856B1A-B463-4D99-9859-74912E1C6D00}.Release|x86.ActiveCfg = Release|Win32
		{39856B1A-B463-4D99-9859-74912E1C6D00}.Release|x86.Build.0 = Release|Win32
		{F2C9910C-3E6E-4752-A69E-810CC743BC10}.Debug|x64.ActiveCfg = Debug|x64
		{F2C9910C-3E6E-4752-A69E-810CC743BC10}.Debug|x64.Build.0 = Debug|x64
		{F2C9910C-3E6E-4752-A69E-810CC743BC10}.Debug|x86.ActiveCfg = Debug|Win32
		{F2C9910C-3E6E-4752-A69E-810CC743BC10}.Debug|x86.Build.0 = Debug|Win32
		{F2C9910C-3E6E-4752-A69E-810CC743BC10}.Release|x64.ActiveCfg = Release|x64
		{F2C9910C-3E6E-4752-A69E-810CC743BC10}.Release|x64.Build.0 = Release|x64
		{F2C9910C-3E6E-4752-A69E-810CC743BC10}.Release|x86.ActiveCfg = Release|Win32
		{F2C9910C-3E6E-4752-A69E-810CC743BC10}.Release|x86.Build.0 = Release|Win32
		{78903FAA-D030-4287-AF7D-980A26193FE6}.Debug|x64.ActiveCfg = Debug|x64
		{78903FAA-D030-4287-AF7D-980A26193FE6}.Debug|x64.Build.0 = Debug|x64
		{78903FAA-D030-4287-AF7D-980A26193FE6}.Debug|x86.ActiveCfg = Debug|Win32
		{78903FAA-D030-4287-AF7D-980A26193FE6}.Debug|x86.Build.0 = Debug|Win32
		{78903FAA-D030-4287-AF7D-980A26193FE6}.Release|x64.ActiveCfg = Release|x64
		{78903FAA-D030-4287-AF7D-980A26193FE6}.Release|x64.Build.0 = Release|x64
		{78903FAA-D030-4287-AF7D-980A26193FE6}.Release|x86.ActiveCfg = Release|Win32
		{78903FAA-D030-4287-AF7D-980A26193FE6}.Release|x86.Build.0 = Release|Win32
		{20CE5C06-23AD-46F5-842D-065D07457C7F}.Debug|x64.ActiveCfg = Debug|x64
		{20CE5C06-23AD-46F5-842D-065D07457C7F}.Debug|x64.Build.0 = Debug|x64
		{20CE5C06-23AD-46F5-842D-065D07457C7F}.Debug|x86.ActiveCfg = Debug|Win32
		{20CE5C06-23AD-46F5-842D-065D07457C7F}.Debug|x86.Build.0 = Debug|Win32
		{20CE5C06-23AD-46F5-842D-065D07457C7F}.Release|x64.ActiveCfg = Release|x64
		{20CE5C06-23AD-46F5-842D-065D07457C7F}.Release|x64.Build.0 = Release|x64
		{20CE5C06-23AD-46F5-842D-065D07457C7F}.Release|x86.ActiveCfg = Release|Win32
		{20CE5C06-23AD-46F5-842D-065D07457C7F}.Release|x86.Build.0 = Release|Win32
		{98981703-76B2-458F-9423-C32B3C26C2C3}.Debug|x64.ActiveCfg = Debug|x64
		{98981703-76B2-458F-9423-C32B3C26C2C3}.Debug|x64.Build.0 = Debug|x64
		{98981703-76B2-458F-9423-C32B3C26C2C3}.Debug|x86.ActiveCfg = Debug|Win32
		{98981703-76B2-458F-9423-C32B3C26C2C3}.Debug|x86.Build.0 = Debug|Win32
		{98981703-76B2-458F-9423-C32B3C26C2C3}.Release|x64.ActiveCfg = Release|x64
		{98981703-76B2-458F-9423-C32B3C26C2C3}.Release|x64.Build.0 = Release|x64
		{98981703-76B2-458F-9423-C32B3C26C2C3}.Release|x86.ActiveCfg = Release|Win32
		{98981703-76B2-458F-9423-C32B3C26C2C3}.Release|x86.Build.0 = Release|Win32
		{C164FB14-A144-4DC4-832D-F96D053617DA}.Debug|x64.ActiveCfg = Debug|x64
		{C164FB14-A144-4DC4-832D-F96D053617DA}.Debug|x64.Build.0 = Debug|x64
		{C164FB14-A144-4DC4-832D-F96D053617DA}.Debug|x86.ActiveCfg = Debug|Win32
		{C164FB14-A144-4DC4-832D-F96D053617DA}.Debug|x86.Build.0 = Debug|Win32
		{C164FB14-A144-4DC4-832D-F96D053617DA}.Release|x64.ActiveCfg = Release|x64
		{C164FB14-A144-4DC4-832D-F96D053617DA}.Release|x64.Build.0 = Release|x64
		{C164FB14-A144-4DC4-832D-F96D053617DA}.Release|x86.ActiveCfg = Release|Win32
		{C164FB14-A144-4DC4-832D-F96D053617DA}.Release|x86.Build.0 = Release|Win32
		{C66678ED-EB9F-45A3-9BBA-CE24AAA7A4AD}.Debug|x64.ActiveCfg = Debug|x64
		{C66678ED-EB9F-45A3-9BBA-CE24AAA7A4AD}.Debug|x64.Build.0 = Debug|x64
		{C66678ED-EB9F-45A3-9BBA-CE24AAA7A4AD}.Debug|x86.ActiveCfg = Debug|Win32
		{C66678ED-EB9F-45A3-9BBA-CE24AAA7A4AD}.Debug|x86.Build.0 = Debug|Win32
		{C66678ED-EB9F-45A3-9BBA-CE24AAA7A4AD}.Release|x64.ActiveCfg = Release|x64
		{C66678ED-EB9F-45A3-9BBA-CE24AAA7A4AD}.Release|x64.Build.0 = Release|x64
		{C66678ED-EB9F-45A3-9BBA-CE24AAA7A4AD}.Release|x86.ActiveCfg = Release|Win32
		{C66678ED-EB9F-45A3-9BBA-CE24AAA7A4AD}.Release|x86.Build.0 = Release|Win32
		{1C2FB29D-FF31-418D-9F6F-ABE318E56061}.Debug|x64.ActiveCfg = Debug|x64
		{1C2FB29D-FF31-418D-9F6F-ABE318E56061}.Debug|x64.Build.0 = Debug|x64
		{1C2FB29D-FF31-418D-9F6F-ABE318E56061}.Debug|x86.ActiveCfg = Debug|Win32
		{1C2FB29D-FF31-418D-9F6F-ABE318E56061}.Debug|x86.Build.0 = Debug|Win32
		{1C2FB29D-FF31-418D-9F6F-ABE318E56061}.Release|x64.ActiveCfg = Release|x64
		{1C2FB29D-FF31-418D-9F6F-ABE318E56061}.Release|x64.Build.0 = Release|x64
		{1C2FB29D-FF31-418D-9F6F-ABE318E56061}.Release|x86.ActiveCfg = Release|Win32
		{1C2FB29D-FF31-418D-9F6F-ABE318E56061}.Release|x86.Build.0 = Release|Win32
		{5DE1F49C-32C8-404F-AB22-10C74797DDDD}.Debug|x64.ActiveCfg = Debug|x64
		{5DE1F49C-32C8-404F-AB22-10C74797DDDD}.Debug|x64.Build.0 = Debug|x64
		{5DE1F49C-32C8-404F-AB22-10C74797DDDD}.Debug|x86.ActiveCfg = Debug|Win32
		{5DE1F49C-32C8-404F-AB22-10C74797DDDD}.Debug|x86.Build.0 = Debug|Win32
		{5DE1F49C-32C8-404F-AB22-10C74797DDDD}.Release|x64.ActiveCfg = Release|x64
		{5DE1F49C-32C8-404F-AB22-10C74797DDDD}.Release|x64.Build.0 = Release|x64
		{5DE1F49C-32C8-404F-AB22-10C74797DDDD}.Release|x86.ActiveCfg = Release|Win32
		{5DE1F49C-32C8-404F-AB22-10C74797DDDD}.Release|x86.Build.0 = Release|Win32
		{973B5E27-993B-410B-BF05-E70E1E52036F}.Debug|x64.ActiveCfg = Release|Win32
		{973B5E27-993B-410B-BF05-E70E1E52036F}.Debug|x86.ActiveCfg = Release|Win32
		{973B5E27-993B-410B-BF05-E70E1E52036F}.Release|x64.ActiveCfg = Release|Win32
		{973B5E27-993B-410B-BF05-E70E1E52036F}.Release|x86.ActiveCfg = Release|Win32
		{CBEDCF5B-D149-46B4-B83C-7363CEB0B455}.Debug|x64.ActiveCfg = Debug|x64
		{CBEDCF5B-D149-46B4-B83C-7363CEB0B455}.Debug|x64.Build.0 = Debug|x64
		{CBEDCF5B-D149-46B4-B83C-7363CEB0B455}.Debug|x86.ActiveCfg = Debug|Win32
		{CBEDCF5B-D149-46B4-B83C-7363CEB0B455}.Debug|x86.Build.0 = Debug|Win32
		{CBEDCF5B-D149-46B4-B83C-7363CEB0B455}.Release|x64.ActiveCfg = Release|x64
		{CBEDCF5B-D149-46B4-B83C-7363CEB0B455}.Release|x64.Build.0 = Release|x64
		{CBEDCF5B-D149-46B4-B83C-7363CEB0B455}.Release|x86.ActiveCfg = Release|Win32
		{CBEDCF5B-D149-46B4-B83C-7363CEB0B455}.Release|x86.Build.0 = Release|Win32
		{E7F69B00-71BF-4027-BC8F-2BC870406BC7}.Debug|x64.ActiveCfg = Debug|x64
		{E7F69B00-71BF-4027-BC8F-2BC870406BC7}.Debug|x64.Build.0 = Debug|x64
		{E7F69B00-71BF-4027-BC8F-2BC870406BC7}.Debug|x86.ActiveCfg = Debug|Win32
		{E7F69B00-71BF-4027-BC8F-2BC870406BC7}.Debug|x86.Build.0 = Debug|Win32
		{E7F69B00-71BF-4027-BC8F-2BC870406BC7}.Release|x64.ActiveCfg = Release|x64
		{E7F69B00-71BF-4027-BC8F-2BC870406BC7}.Release|x64.Build.0 = Release|x64
		{E7F69B00-71BF-4027-BC8F-2BC870406BC7}.Release|x86.ActiveCfg = Release|Win32
		{E7F69B00-71BF-4027-BC8F-2BC870406BC7}.Release|x86.Build.0 = Release|Win32
		{B12702AD-ABFB-343A-A199-8E24837244A3}.Debug|x64.ActiveCfg = Debug|x64
		{B12702AD-ABFB-343A-A199-8E24837244A3}.Debug|x64.Build.0 = Debug|x64
		{B12702AD-ABFB-343A-A199-8E24837244A3}.Debug|x86.ActiveCfg = Debug|x64
		{B12702AD-ABFB-343A-A199-8E24837244A3}.Release|x64.ActiveCfg = Release|x64
		{B12702AD-ABFB-343A-A199-8E24837244A3}.Release|x64.Build.0 = Release|x64
		{B12702AD-ABFB-343A-A199-8E24837244A3}.Release|x86.ActiveCfg = Release|x64
		{41F87526-A047-4965-BA39-11B59A2F9484}.Debug|x64.ActiveCfg = Debug|x64
		{41F87526-A047-4965-BA39-11B59A2F9484}.Debug|x64.Build.0 = Debug|x64
		{41F87526-A047-4965-BA39-11B59A2F9484}.Debug|x86.ActiveCfg = Debug|Win32
		{41F87526-A047-4965-BA39-11B59A2F9484}.Debug|x86.Build.0 = Debug|Win32
		{41F87526-A047-4965-BA39-11B59A2F9484}.Release|x64.ActiveCfg = Release|x64
		{41F87526-A047-4965-BA39-11B59A2F9484}.Release|x64.Build.0 = Release|x64
		{41F87526-A047-4965-BA39-11B59A2F9484}.Release|x86.ActiveCfg = Release|Win32
		{41F87526-A047-4965-BA39-11B59A2F9484}.Release|x86.Build.0 = Release|Win32
		{2C2ED4CE-1835-49F9-AE1E-2B3BF9942789}.Debug|x64.ActiveCfg = Debug|x64
		{2C2ED4CE-1835-49F9-AE1E-2B3BF9942789}.Debug|x64.Build.0 = Debug|x64
		{2C2ED4CE-1835-49F9-AE1E-2B3BF9942789}.Debug|x86.ActiveCfg = Debug|Win32
		{2C2ED4CE-1835-49F9-AE1E-2B3BF9942789}.Debug|x86.Build.0 = Debug|Win32
		{2C2ED4CE-1835-49F9-AE1E-2B3BF9942789}.Release|x64.ActiveCfg = Release|x64
		{2C2ED4CE-1835-49F9-AE1E-2B3BF9942789}.Release|x64.Build.0 = Release|x64
		{2C2ED4CE-1835-49F9-AE1E-2B3BF9942789}.Release|x86.ActiveCfg = Release|Win32
		{2C2ED4CE-1835-49F9-AE1E-2B3BF9942789}.Release|x86.Build.0 = Release|Win32
		{5BAF7B4F-12A5-4FB2-8B4C-64186FF5E162}.Debug|x64.ActiveCfg = Debug|x64
		{5BAF7B4F-12A5-4FB2-8B4C-64186FF5E162}.Debug|x64.Build.0 = Debug|x64
		{5BAF7B4F-12A5-4FB2-8B4C-64186FF5E162}.Debug|x86.ActiveCfg = Debug|x64
		{5BAF7B4F-12A5-4FB2-8B4C-64186FF5E162}.Release|x64.ActiveCfg = Release|x64
		{5BAF7B4F-12A5-4FB2-8B4C-64186FF5E162}.Release|x64.Build.0 = Release|x64
		{5BAF7B4F-12A5-4FB2-8B4C-64186FF5E162}.Release|x86.ActiveCfg = Release|x64
		{24B20138-31A9-4262-BBCF-EB2341371E14}.Debug|x64.ActiveCfg = Debug|x64
		{24B20138-31A9-4262-BBCF-EB2341371E14}.Debug|x64.Build.0 = Debug|x64
		{24B20138-31A9-4262-BBCF-EB2341371E14}.Debug|x86.ActiveCfg = Debug|Win32
		{24B20138-31A9-4262-BBCF-EB2341371E14}.Debug|x86.Build.0 = Debug|Win32
		{24B20138-31A9-4262-BBCF-EB2341371E14}.Release|x64.ActiveCfg = Release|x64
		{24B20138-31A9-4262-BBCF-EB2341371E14}.Release|x64.Build.0 = Release|x64
		{24B20138-31A9-4262-BBCF-EB2341371E14}.Release|x86.ActiveCfg = Release|Win32
		{24B20138-31A9-4262-BBCF-EB2341371E14}.Release|x86.Build.0 = Release|Win32
		{17492C4D-0484-4614-9EF5-A74566B9ACC8}.Debug|x64.ActiveCfg = Debug|x64
		{17492C4D-0484-4614-9EF5-A74566B9ACC8}.Debug|x64.Build.0 = Debug|x64
		{17492C4D-0484-4614-9EF5-A74566B9ACC8}.Debug|x86.ActiveCfg = Debug|Win32
		{17492C4D-0484-4614-9EF5-A74566B9ACC8}.Debug|x86.Build.0 = Debug|Win32
		{17492C4D-0484-4614-9EF5-A74566B9ACC8}.Release|x64.ActiveCfg = Release|x64
		{17492C4D-0484-4614-9EF5-A74566B9ACC8}.Release|x64.Build.0 = Release|x64
		{17492C4D-0484-4614-9EF5-A74566B9ACC8}.Release|x86.ActiveCfg = Release|Win32
		{17492C4D-0484-4614-9EF5-A74566B9ACC8}.Release|x86.Build.0 = Release|Win32
		{38144850-9225-4138-BBB5-F5401AD9A6DB}.Debug|x64.ActiveCfg = Debug|x64
		{38144850-9225-4138-BBB5-F5401AD9A6DB}.Debug|x64.Build.0 = Debug|x64
		{38144850-9225-4138-BBB5-F5401AD9A6DB}.Debug|x86.ActiveCfg = Debug|Win32
		{38144850-9225-4138-BBB5-F5401AD9A6DB}.Debug|x86.Build.0 = Debug|Win32
		{38144850-9225-4138-BBB5-F5401AD9A6DB}.Release|x64.ActiveCfg = Release|x64
		{38144850-9225-4138-BBB5-F5401AD9A6DB}.Release|x64.Build.0 = Release|x64
		{38144850-9225-4138-BBB5-F5401AD9A6DB}.Release|x86.ActiveCfg = Release|Win32
		{38144850-9225-4138-BBB5-F5401AD9A6DB}.Release|x86.Build.0 = Release|Win32
	EndGlobalSection
	GlobalSection(SolutionProperties) = preSolution
		HideSolutionNode = FALSE
	EndGlobalSection
	GlobalSection(NestedProjects) = preSolution
		{F2C9910C-3E6E-4752-A69E-810CC743BC10} = {E7F6A91D-CD7D-4B7E-8984-17877D105905}
		{98981703-76B2-458F-9423-C32B3C26C2C3} = {E7F6A91D-CD7D-4B7E-8984-17877D105905}
		{C66678ED-EB9F-45A3-9BBA-CE24AAA7A4AD} = {E7F6A91D-CD7D-4B7E-8984-17877D105905}
		{1C2FB29D-FF31-418D-9F6F-ABE318E56061} = {E7F6A91D-CD7D-4B7E-8984-17877D105905}
		{5DE1F49C-32C8-404F-AB22-10C74797DDDD} = {E7F6A91D-CD7D-4B7E-8984-17877D105905}
		{973B5E27-993B-410B-BF05-E70E1E52036F} = {91271FF9-9EF7-4891-B2C6-BE92A48A86BE}
		{CBEDCF5B-D149-46B4-B83C-7363CEB0B455} = {91271FF9-9EF7-4891-B2C6-BE92A48A86BE}
		{E7F69B00-71BF-4027-BC8F-2BC870406BC7} = {91271FF9-9EF7-4891-B2C6-BE92A48A86BE}
		{41F87526-A047-4965-BA39-11B59A2F9484} = {E7F6A91D-CD7D-4B7E-8984-17877D105905}
		{2C2ED4CE-1835-49F9-AE1E-2B3BF9942789} = {E7F6A91D-CD7D-4B7E-8984-17877D105905}
		{24B20138-31A9-4262-BBCF-EB2341371E14} = {91271FF9-9EF7-4891-B2C6-BE92A48A86BE}
		{17492C4D-0484-4614-9EF5-A74566B9ACC8} = {E7F6A91D-CD7D-4B7E-8984-17877D105905}
		{38144850-9225-4138-BBB5-F5401AD9A6DB} = {91271FF9-9EF7-4891-B2C6-BE92A48A86BE}
	EndGlobalSection
EndGlobal
