<?xml version="1.0" encoding="utf-8"?>
<Project ToolsVersion="4.0" xmlns="http://schemas.microsoft.com/developer/msbuild/2003">
  <ItemGroup>
    <Filter Include="Rendering">
      <UniqueIdentifier>{2e15b4c0-e9be-4cbb-95b2-f14503fd963b}</UniqueIdentifier>
    </Filter>
    <Filter Include="Audio">
      <UniqueIdentifier>{72e76b56-8ad4-4da6-a189-950d1de69ade}</UniqueIdentifier>
    </Filter>
    <Filter Include="Asset">
      <UniqueIdentifier>{10cb1df4-c1b4-4e94-a00c-2499830e3161}</UniqueIdentifier>
    </Filter>
    <Filter Include="Settings">
      <UniqueIdentifier>{86b4224c-4b37-48dd-bf99-c6a0b83e5f83}</UniqueIdentifier>
    </Filter>
    <Filter Include="Input">
      <UniqueIdentifier>{d622fe44-6bcc-46c5-a4eb-a34b4eacebc3}</UniqueIdentifier>
    </Filter>
    <Filter Include="Text">
      <UniqueIdentifier>{814e16ab-bf4e-4646-904a-6ebb039e0532}</UniqueIdentifier>
    </Filter>
    <Filter Include="Window">
      <UniqueIdentifier>{b7ffc5f6-176e-4513-92eb-0c7c1bb5e78b}</UniqueIdentifier>
    </Filter>
    <Filter Include="Sprite">
      <UniqueIdentifier>{3fa37876-53d1-482b-8ecd-1a343e7783ac}</UniqueIdentifier>
    </Filter>
    <Filter Include="Shader">
      <UniqueIdentifier>{3470fc4f-036d-400b-9ce4-44f06737f3b5}</UniqueIdentifier>
    </Filter>
    <Filter Include="Map">
      <UniqueIdentifier>{b4f4bd8a-c14b-47d4-ab9c-72e7ebe8e29f}</UniqueIdentifier>
    </Filter>
    <Filter Include="DrawList">
      <UniqueIdentifier>{d5949624-8d92-4cf3-b7c6-0960f6d895fd}</UniqueIdentifier>
    </Filter>
    <Filter Include="Entity">
      <UniqueIdentifier>{3da891e2-6e9f-493f-9e44-019dad8c3e2a}</UniqueIdentifier>
    </Filter>
    <Filter Include="Camera">
      <UniqueIdentifier>{9a7ed8e4-c887-48bb-9cba-8cdeefd545f5}</UniqueIdentifier>
    </Filter>
    <Filter Include="Component">
      <UniqueIdentifier>{03c07c91-d533-462d-85dd-e493ed535036}</UniqueIdentifier>
    </Filter>
    <Filter Include="UI">
      <UniqueIdentifier>{392b9505-2d93-4d20-a538-b8ffb00ec54a}</UniqueIdentifier>
    </Filter>
    <Filter Include="UI\Prototype">
      <UniqueIdentifier>{c5f5c33d-6b10-4e9c-b8bd-312f7edc75c6}</UniqueIdentifier>
    </Filter>
  </ItemGroup>
  <ItemGroup>
    <ClInclude Include="Rendering\VertexBuffer.h">
      <Filter>Rendering</Filter>
    </ClInclude>
    <ClInclude Include="Rendering\VertexBufferBuilder.h">
      <Filter>Rendering</Filter>
    </ClInclude>
    <ClInclude Include="Rendering\VertexDefinition.h">
      <Filter>Rendering</Filter>
    </ClInclude>
    <ClInclude Include="Rendering\Texture.h">
      <Filter>Rendering</Filter>
    </ClInclude>
    <ClInclude Include="Rendering\RenderErrorMacros.h">
      <Filter>Rendering</Filter>
    </ClInclude>
    <ClInclude Include="Rendering\Shader.h">
      <Filter>Rendering</Filter>
    </ClInclude>
    <ClInclude Include="Rendering\ShaderProgram.h">
      <Filter>Rendering</Filter>
    </ClInclude>
    <ClInclude Include="Rendering\RenderTarget.h">
      <Filter>Rendering</Filter>
    </ClInclude>
    <ClInclude Include="Asset\Asset.h">
      <Filter>Asset</Filter>
    </ClInclude>
    <ClInclude Include="Asset\TextureAsset.h">
      <Filter>Asset</Filter>
    </ClInclude>
    <ClInclude Include="Asset\AssetReference.h">
      <Filter>Asset</Filter>
    </ClInclude>
    <ClInclude Include="Asset\AssetLoader.h">
      <Filter>Asset</Filter>
    </ClInclude>
    <ClInclude Include="Asset\AssetManager.h">
      <Filter>Asset</Filter>
    </ClInclude>
    <ClInclude Include="Asset\AssetReferenceBase.h">
      <Filter>Asset</Filter>
    </ClInclude>
    <ClInclude Include="Settings\EngineSettings.refl.h">
      <Filter>Settings</Filter>
    </ClInclude>
    <ClInclude Include="Settings\EngineSettings.refl.meta.h">
      <Filter>Settings</Filter>
    </ClInclude>
    <ClInclude Include="Engine.h" />
    <ClInclude Include="EngineCommon.h" />
    <ClInclude Include="Asset\AssetTypeMacros.h">
      <Filter>Asset</Filter>
    </ClInclude>
    <ClInclude Include="Asset\AudioAsset.h">
      <Filter>Asset</Filter>
    </ClInclude>
    <ClInclude Include="Audio\AudioFormat.h">
      <Filter>Audio</Filter>
    </ClInclude>
    <ClInclude Include="Audio\AudioManager.h">
      <Filter>Audio</Filter>
    </ClInclude>
    <ClInclude Include="Audio\AudioSpec.h">
      <Filter>Audio</Filter>
    </ClInclude>
    <ClInclude Include="Audio\MusicSpec.h">
      <Filter>Audio</Filter>
    </ClInclude>
    <ClInclude Include="Asset\MusicAsset.h">
      <Filter>Asset</Filter>
    </ClInclude>
    <ClInclude Include="Asset\FontAsset.h">
      <Filter>Asset</Filter>
    </ClInclude>
    <ClInclude Include="Text\TextManager.h">
      <Filter>Text</Filter>
    </ClInclude>
    <ClInclude Include="Text\TextRenderer.h">
      <Filter>Text</Filter>
    </ClInclude>
    <ClInclude Include="Rendering\ShaderLiteral.h">
      <Filter>Rendering</Filter>
    </ClInclude>
    <ClInclude Include="Text\TextShaders.h">
      <Filter>Text</Filter>
    </ClInclude>
    <ClInclude Include="Rendering\VertexArray.h">
      <Filter>Rendering</Filter>
    </ClInclude>
    <ClInclude Include="Asset\AssetReloadCallback.h">
      <Filter>Asset</Filter>
    </ClInclude>
    <ClInclude Include="Rendering\Rendering.h">
      <Filter>Rendering</Filter>
    </ClInclude>
    <ClInclude Include="Rendering\RenderException.h">
      <Filter>Rendering</Filter>
    </ClInclude>
    <ClInclude Include="Rendering\RenderState.h">
      <Filter>Rendering</Filter>
    </ClInclude>
    <ClInclude Include="Rendering\RenderUtil.h">
      <Filter>Rendering</Filter>
    </ClInclude>
    <ClInclude Include="Input\BinaryControlBinding.h">
      <Filter>Input</Filter>
    </ClInclude>
    <ClInclude Include="Input\ScalarControlBinding.h">
      <Filter>Input</Filter>
    </ClInclude>
    <ClInclude Include="Input\VectorControlBinding.h">
      <Filter>Input</Filter>
    </ClInclude>
    <ClInclude Include="Input\ControlBinding.h">
      <Filter>Input</Filter>
    </ClInclude>
    <ClInclude Include="Input\ControlBindingList.h">
      <Filter>Input</Filter>
    </ClInclude>
    <ClInclude Include="Input\ControlHandle.h">
      <Filter>Input</Filter>
    </ClInclude>
    <ClInclude Include="Input\ControlId.h">
      <Filter>Input</Filter>
    </ClInclude>
    <ClInclude Include="Input\InputState.h">
      <Filter>Input</Filter>
    </ClInclude>
    <ClInclude Include="Input\KeyboardState.h">
      <Filter>Input</Filter>
    </ClInclude>
    <ClInclude Include="Input\ControlBindingSet.h">
      <Filter>Input</Filter>
    </ClInclude>
    <ClInclude Include="Window\WindowManager.h">
      <Filter>Window</Filter>
    </ClInclude>
    <ClInclude Include="Window\Window.h">
      <Filter>Window</Filter>
    </ClInclude>
    <ClInclude Include="Input\PointerControlBinding.h">
      <Filter>Input</Filter>
    </ClInclude>
    <ClInclude Include="Input\MouseState.h">
      <Filter>Input</Filter>
    </ClInclude>
    <ClInclude Include="Text\TextBackupFont.h">
      <Filter>Text</Filter>
    </ClInclude>
    <ClInclude Include="Window\FakeWindow.h">
      <Filter>Window</Filter>
    </ClInclude>
    <ClInclude Include="Input\TextInputContext.h">
      <Filter>Input</Filter>
    </ClInclude>
    <ClInclude Include="Input\ControlBindingHandleList.h">
      <Filter>Input</Filter>
    </ClInclude>
    <ClInclude Include="Text\TextBufferBuilder.h">
      <Filter>Text</Filter>
    </ClInclude>
    <ClInclude Include="Rendering\VertexList.h">
      <Filter>Rendering</Filter>
    </ClInclude>
    <ClInclude Include="Rendering\GeometryVertexBufferBuilder.h">
      <Filter>Rendering</Filter>
    </ClInclude>
    <ClInclude Include="Input\GamepadState.h">
      <Filter>Input</Filter>
    </ClInclude>
    <ClInclude Include="Asset\AssetSync.h">
      <Filter>Asset</Filter>
    </ClInclude>
    <ClInclude Include="Asset\DocumentAsset.h">
      <Filter>Asset</Filter>
    </ClInclude>
    <ClInclude Include="Asset\AssetLoad.h">
      <Filter>Asset</Filter>
    </ClInclude>
    <ClInclude Include="Asset\DocumentAssetLoader.h">
      <Filter>Asset</Filter>
    </ClInclude>
    <ClInclude Include="Sprite\SpriteEngineData.h">
      <Filter>Sprite</Filter>
    </ClInclude>
    <ClInclude Include="Shader\ShaderManager.h">
      <Filter>Shader</Filter>
    </ClInclude>
    <ClInclude Include="Shader\DefaultShader.h">
      <Filter>Shader</Filter>
    </ClInclude>
    <ClInclude Include="Map\MapManualTileLayerInstance.h">
      <Filter>Map</Filter>
    </ClInclude>
    <ClInclude Include="DrawList\DrawList.h">
      <Filter>DrawList</Filter>
    </ClInclude>
    <ClInclude Include="Camera\Camera.h">
      <Filter>Camera</Filter>
    </ClInclude>
    <ClInclude Include="Entity\Entity.h">
      <Filter>Entity</Filter>
    </ClInclude>
    <ClInclude Include="Entity\EntityHandle.h">
      <Filter>Entity</Filter>
    </ClInclude>
    <ClInclude Include="Entity\EntitySystem.h">
      <Filter>Entity</Filter>
    </ClInclude>
    <ClInclude Include="Component\Component.h">
      <Filter>Component</Filter>
    </ClInclude>
    <ClInclude Include="Component\ComponentHandle.h">
      <Filter>Component</Filter>
    </ClInclude>
    <ClInclude Include="Component\ComponentList.h">
      <Filter>Component</Filter>
    </ClInclude>
    <ClInclude Include="Component\ComponentRegistrationMacros.h">
      <Filter>Component</Filter>
    </ClInclude>
    <ClInclude Include="Component\ComponentSystem.h">
      <Filter>Component</Filter>
    </ClInclude>
    <ClInclude Include="Component\ComponentUpdateBucketList.h">
      <Filter>Component</Filter>
    </ClInclude>
    <ClInclude Include="Component\ComponentUpdateRegistrationTemplates.h">
      <Filter>Component</Filter>
    </ClInclude>
    <ClInclude Include="Map\MapInstance.h">
      <Filter>Map</Filter>
    </ClInclude>
    <ClInclude Include="Map\MapSystem.h">
      <Filter>Map</Filter>
    </ClInclude>
    <ClInclude Include="EngineState.h" />
    <ClInclude Include="EngineStateFuncs.h" />
    <ClInclude Include="UI\UIElementSpriteFrame.refl.h">
      <Filter>UI</Filter>
    </ClInclude>
    <ClInclude Include="UI\UIElementSpriteFrame.refl.meta.h">
      <Filter>UI</Filter>
    </ClInclude>
    <ClInclude Include="UI\UIElement.h">
      <Filter>UI</Filter>
    </ClInclude>
    <ClInclude Include="UI\UIElementHandle.h">
      <Filter>UI</Filter>
    </ClInclude>
    <ClInclude Include="UI\UIManager.h">
      <Filter>UI</Filter>
    </ClInclude>
    <ClInclude Include="UI\UICustomPropertyData.refl.h">
      <Filter>UI</Filter>
    </ClInclude>
    <ClInclude Include="UI\UICustomPropertyData.refl.meta.h">
      <Filter>UI</Filter>
    </ClInclude>
    <ClInclude Include="UI\UIElementTextureSlice.refl.h">
      <Filter>UI</Filter>
    </ClInclude>
    <ClInclude Include="UI\UIElementTextureSlice.refl.meta.h">
      <Filter>UI</Filter>
    </ClInclude>
    <ClInclude Include="UI\UIElementGradient.refl.h">
      <Filter>UI</Filter>
    </ClInclude>
    <ClInclude Include="UI\UIElementGradient.refl.meta.h">
      <Filter>UI</Filter>
    </ClInclude>
    <ClInclude Include="UI\UIElementContainer.refl.h">
      <Filter>UI</Filter>
    </ClInclude>
    <ClInclude Include="UI\UIElementContainer.refl.meta.h">
      <Filter>UI</Filter>
    </ClInclude>
    <ClInclude Include="UI\UIElementText.refl.h">
      <Filter>UI</Filter>
    </ClInclude>
    <ClInclude Include="UI\UIElementText.refl.meta.h">
      <Filter>UI</Filter>
    </ClInclude>
    <ClInclude Include="Asset\AssetBundle.h">
      <Filter>Asset</Filter>
    </ClInclude>
    <ClInclude Include="UI\UIElementPtr.h">
      <Filter>UI</Filter>
    </ClInclude>
    <ClInclude Include="Map\MapEffectLayerInstance.h">
      <Filter>Map</Filter>
    </ClInclude>
    <ClInclude Include="Map\MapEffectLayerRenderer.h">
      <Filter>Map</Filter>
    </ClInclude>
    <ClInclude Include="Map\MapParalaxLayerInstance.h">
      <Filter>Map</Filter>
    </ClInclude>
    <ClInclude Include="UI\Prototype\UIPrototypeButton.h">
      <Filter>UI\Prototype</Filter>
    </ClInclude>
    <ClInclude Include="UI\UIElementShape.refl.h">
      <Filter>UI</Filter>
    </ClInclude>
    <ClInclude Include="UI\UIElementShape.refl.meta.h">
      <Filter>UI</Filter>
    </ClInclude>
    <ClInclude Include="UI\UIElementFullTexture.refl.h">
      <Filter>UI</Filter>
    </ClInclude>
    <ClInclude Include="UI\UIElementFullTexture.refl.meta.h">
      <Filter>UI</Filter>
    </ClInclude>
    <ClInclude Include="Audio\VolumeCategory.h">
      <Filter>Audio</Filter>
    </ClInclude>
    <ClInclude Include="UI\Prototype\UIPrototypeTextInput.h">
      <Filter>UI\Prototype</Filter>
    </ClInclude>
    <ClInclude Include="UI\UIElementTextInput.refl.h">
      <Filter>UI</Filter>
    </ClInclude>
    <ClInclude Include="UI\UIElementTextInput.refl.meta.h">
      <Filter>UI</Filter>
    </ClInclude>
    <ClInclude Include="UI\Prototype\UISoundPrototypeEffects.h">
      <Filter>UI\Prototype</Filter>
    </ClInclude>
    <ClInclude Include="UI\Prototype\UIPrototypeSlider.h">
      <Filter>UI\Prototype</Filter>
    </ClInclude>
    <ClInclude Include="UI\Prototype\UIPrototypeConfirmPopup.h">
      <Filter>UI\Prototype</Filter>
    </ClInclude>
    <ClInclude Include="UI\UIClickable.h">
      <Filter>UI</Filter>
    </ClInclude>
    <ClInclude Include="UI\UIClickablePtr.h">
      <Filter>UI</Filter>
    </ClInclude>
    <ClInclude Include="Rendering\RenderSettings.h">
      <Filter>Rendering</Filter>
    </ClInclude>
    <ClInclude Include="UI\UIElementExprBlock.h">
      <Filter>UI</Filter>
    </ClInclude>
    <ClInclude Include="UI\UIElementExprTypes.refl.h">
      <Filter>UI</Filter>
    </ClInclude>
    <ClInclude Include="UI\UIElementExprTypes.refl.meta.h">
      <Filter>UI</Filter>
    </ClInclude>
    <ClInclude Include="UI\UIElementExprBinding.h">
      <Filter>UI</Filter>
    </ClInclude>
    <ClInclude Include="UI\UIElementExprFuncs.h">
      <Filter>UI</Filter>
    </ClInclude>
  </ItemGroup>
  <ItemGroup>
    <ClCompile Include="Rendering\VertexBuffer.cpp">
      <Filter>Rendering</Filter>
    </ClCompile>
    <ClCompile Include="Rendering\VertexBufferBuilder.cpp">
      <Filter>Rendering</Filter>
    </ClCompile>
    <ClCompile Include="Rendering\Texture.cpp">
      <Filter>Rendering</Filter>
    </ClCompile>
    <ClCompile Include="Rendering\Shader.cpp">
      <Filter>Rendering</Filter>
    </ClCompile>
    <ClCompile Include="Rendering\ShaderProgram.cpp">
      <Filter>Rendering</Filter>
    </ClCompile>
    <ClCompile Include="Rendering\RenderTarget.cpp">
      <Filter>Rendering</Filter>
    </ClCompile>
    <ClCompile Include="Asset\Asset.cpp">
      <Filter>Asset</Filter>
    </ClCompile>
    <ClCompile Include="Asset\TextureAsset.cpp">
      <Filter>Asset</Filter>
    </ClCompile>
    <ClCompile Include="Asset\AssetLoader.cpp">
      <Filter>Asset</Filter>
    </ClCompile>
    <ClCompile Include="Asset\AssetReferenceBase.cpp">
      <Filter>Asset</Filter>
    </ClCompile>
    <ClCompile Include="Settings\EngineSettings.refl.cpp">
      <Filter>Settings</Filter>
    </ClCompile>
    <ClCompile Include="Engine.cpp" />
    <ClCompile Include="Asset\AudioAsset.cpp">
      <Filter>Asset</Filter>
    </ClCompile>
    <ClCompile Include="Audio\AudioManager.cpp">
      <Filter>Audio</Filter>
    </ClCompile>
    <ClCompile Include="Asset\MusicAsset.cpp">
      <Filter>Asset</Filter>
    </ClCompile>
    <ClCompile Include="Audio\MusicSpec.cpp">
      <Filter>Audio</Filter>
    </ClCompile>
    <ClCompile Include="Asset\FontAsset.cpp">
      <Filter>Asset</Filter>
    </ClCompile>
    <ClCompile Include="Text\TextManager.cpp">
      <Filter>Text</Filter>
    </ClCompile>
    <ClCompile Include="Text\TextRenderer.cpp">
      <Filter>Text</Filter>
    </ClCompile>
    <ClCompile Include="Rendering\VertexArray.cpp">
      <Filter>Rendering</Filter>
    </ClCompile>
    <ClCompile Include="Rendering\RenderException.cpp">
      <Filter>Rendering</Filter>
    </ClCompile>
    <ClCompile Include="Rendering\RenderState.cpp">
      <Filter>Rendering</Filter>
    </ClCompile>
    <ClCompile Include="Rendering\RenderUtil.cpp">
      <Filter>Rendering</Filter>
    </ClCompile>
    <ClCompile Include="Input\BinaryControlBinding.cpp">
      <Filter>Input</Filter>
    </ClCompile>
    <ClCompile Include="Input\ScalarControlBinding.cpp">
      <Filter>Input</Filter>
    </ClCompile>
    <ClCompile Include="Input\VectorControlBinding.cpp">
      <Filter>Input</Filter>
    </ClCompile>
    <ClCompile Include="Input\ControlHandle.cpp">
      <Filter>Input</Filter>
    </ClCompile>
    <ClCompile Include="Input\InputState.cpp">
      <Filter>Input</Filter>
    </ClCompile>
    <ClCompile Include="Input\KeyboardState.cpp">
      <Filter>Input</Filter>
    </ClCompile>
    <ClCompile Include="Input\ControlBindingSet.cpp">
      <Filter>Input</Filter>
    </ClCompile>
    <ClCompile Include="Input\ControlId.cpp">
      <Filter>Input</Filter>
    </ClCompile>
    <ClCompile Include="EngineCommon.cpp" />
    <ClCompile Include="Window\WindowManager.cpp">
      <Filter>Window</Filter>
    </ClCompile>
    <ClCompile Include="Window\Window.cpp">
      <Filter>Window</Filter>
    </ClCompile>
    <ClCompile Include="Input\PointerControlBinding.cpp">
      <Filter>Input</Filter>
    </ClCompile>
    <ClCompile Include="Input\MouseState.cpp">
      <Filter>Input</Filter>
    </ClCompile>
    <ClCompile Include="Text\TextBackupFont.cpp">
      <Filter>Text</Filter>
    </ClCompile>
    <ClCompile Include="Window\FakeWindow.cpp">
      <Filter>Window</Filter>
    </ClCompile>
    <ClCompile Include="Input\TextInputContext.cpp">
      <Filter>Input</Filter>
    </ClCompile>
    <ClCompile Include="Input\ControlBindingHandleList.cpp">
      <Filter>Input</Filter>
    </ClCompile>
    <ClCompile Include="Text\TextBufferBuilder.cpp">
      <Filter>Text</Filter>
    </ClCompile>
    <ClCompile Include="Rendering\VertexList.cpp">
      <Filter>Rendering</Filter>
    </ClCompile>
    <ClCompile Include="Rendering\GeometryVertexBufferBuilder.cpp">
      <Filter>Rendering</Filter>
    </ClCompile>
    <ClCompile Include="Input\GamepadState.cpp">
      <Filter>Input</Filter>
    </ClCompile>
    <ClCompile Include="Asset\DocumentAsset.cpp">
      <Filter>Asset</Filter>
    </ClCompile>
    <ClCompile Include="Asset\AssetLoad.cpp">
      <Filter>Asset</Filter>
    </ClCompile>
    <ClCompile Include="Asset\DocumentAssetLoader.cpp">
      <Filter>Asset</Filter>
    </ClCompile>
    <ClCompile Include="Sprite\SpriteEngineData.cpp">
      <Filter>Sprite</Filter>
    </ClCompile>
    <ClCompile Include="Shader\ShaderManager.cpp">
      <Filter>Shader</Filter>
    </ClCompile>
    <ClCompile Include="Map\MapManualTileLayerInstance.cpp">
      <Filter>Map</Filter>
    </ClCompile>
    <ClCompile Include="DrawList\DrawList.cpp">
      <Filter>DrawList</Filter>
    </ClCompile>
    <ClCompile Include="Camera\Camera.cpp">
      <Filter>Camera</Filter>
    </ClCompile>
    <ClCompile Include="Entity\Entity.cpp">
      <Filter>Entity</Filter>
    </ClCompile>
    <ClCompile Include="Entity\EntityHandle.cpp">
      <Filter>Entity</Filter>
    </ClCompile>
    <ClCompile Include="Entity\EntitySystem.cpp">
      <Filter>Entity</Filter>
    </ClCompile>
    <ClCompile Include="Component\Component.cpp">
      <Filter>Component</Filter>
    </ClCompile>
    <ClCompile Include="Component\ComponentHandle.cpp">
      <Filter>Component</Filter>
    </ClCompile>
    <ClCompile Include="Component\ComponentSystem.cpp">
      <Filter>Component</Filter>
    </ClCompile>
    <ClCompile Include="Component\ComponentUpdateBucketList.cpp">
      <Filter>Component</Filter>
    </ClCompile>
    <ClCompile Include="Map\MapInstance.cpp">
      <Filter>Map</Filter>
    </ClCompile>
    <ClCompile Include="Map\MapSystem.cpp">
      <Filter>Map</Filter>
    </ClCompile>
    <ClCompile Include="EngineState.cpp" />
    <ClCompile Include="UI\UIManager.cpp">
      <Filter>UI</Filter>
    </ClCompile>
    <ClCompile Include="UI\UIElementSpriteFrame.refl.cpp">
      <Filter>UI</Filter>
    </ClCompile>
    <ClCompile Include="UI\UIElementTextureSlice.refl.cpp">
      <Filter>UI</Filter>
    </ClCompile>
    <ClCompile Include="UI\UIElementGradient.refl.cpp">
      <Filter>UI</Filter>
    </ClCompile>
    <ClCompile Include="UI\UIElementHandle.cpp">
      <Filter>UI</Filter>
    </ClCompile>
    <ClCompile Include="UI\UIElement.cpp">
      <Filter>UI</Filter>
    </ClCompile>
    <ClCompile Include="UI\UIElementContainer.refl.cpp">
      <Filter>UI</Filter>
    </ClCompile>
    <ClCompile Include="UI\UIElementText.refl.cpp">
      <Filter>UI</Filter>
    </ClCompile>
    <ClCompile Include="Asset\AssetBundle.cpp">
      <Filter>Asset</Filter>
    </ClCompile>
    <ClCompile Include="Map\MapEffectLayerInstance.cpp">
      <Filter>Map</Filter>
    </ClCompile>
    <ClCompile Include="Map\MapEffectLayerRenderer.cpp">
      <Filter>Map</Filter>
    </ClCompile>
    <ClCompile Include="Map\MapParalaxLayerInstance.cpp">
      <Filter>Map</Filter>
    </ClCompile>
    <ClCompile Include="UI\Prototype\UIPrototypeButton.cpp">
      <Filter>UI\Prototype</Filter>
    </ClCompile>
    <ClCompile Include="UI\UIElementShape.refl.cpp">
      <Filter>UI</Filter>
    </ClCompile>
    <ClCompile Include="UI\UIElementFullTexture.refl.cpp">
      <Filter>UI</Filter>
    </ClCompile>
    <ClCompile Include="UI\Prototype\UIPrototypeTextInput.cpp">
      <Filter>UI\Prototype</Filter>
    </ClCompile>
    <ClCompile Include="UI\UIElementTextInput.refl.cpp">
      <Filter>UI</Filter>
    </ClCompile>
    <ClCompile Include="UI\Prototype\UIPrototypeSlider.cpp">
      <Filter>UI\Prototype</Filter>
    </ClCompile>
    <ClCompile Include="UI\Prototype\UIPrototypeConfirmPopup.cpp">
      <Filter>UI\Prototype</Filter>
    </ClCompile>
    <ClCompile Include="UI\UIClickable.cpp">
      <Filter>UI</Filter>
    </ClCompile>
    <ClCompile Include="UI\UIClickablePtr.cpp">
      <Filter>UI</Filter>
    </ClCompile>
    <ClCompile Include="UI\UIElementExprBlock.cpp">
      <Filter>UI</Filter>
    </ClCompile>
    <ClCompile Include="UI\UIElementExprBinding.cpp">
      <Filter>UI</Filter>
    </ClCompile>
    <ClCompile Include="UI\UIElementExprFuncs.cpp">
      <Filter>UI</Filter>
    </ClCompile>
  </ItemGroup>
</Project>