<?xml version="1.0" encoding="utf-8"?>
<Project ToolsVersion="4.0" xmlns="http://schemas.microsoft.com/developer/msbuild/2003">
  <ItemGroup>
    <None Include="packages.config" />
  </ItemGroup>
  <ItemGroup>
    <Filter Include="Json">
      <UniqueIdentifier>{1066015e-4e2e-4218-851b-d15c8b9e476d}</UniqueIdentifier>
    </Filter>
    <Filter Include="CallList">
      <UniqueIdentifier>{d070ec39-90d8-42c4-acbf-100299be22d1}</UniqueIdentifier>
    </Filter>
    <Filter Include="FileSystem">
      <UniqueIdentifier>{f22b60c8-caef-4e4d-9dd3-b916947e9c24}</UniqueIdentifier>
    </Filter>
    <Filter Include="Allocator">
      <UniqueIdentifier>{4bf8c900-479d-462a-9e39-0e7debeca8fc}</UniqueIdentifier>
    </Filter>
    <Filter Include="Blit">
      <UniqueIdentifier>{674fcf2d-a1d3-403a-b123-98ff600482fd}</UniqueIdentifier>
    </Filter>
    <Filter Include="Assert">
      <UniqueIdentifier>{f524b09c-6bd3-42bb-9f28-93cd911ba55c}</UniqueIdentifier>
    </Filter>
    <Filter Include="Thread">
      <UniqueIdentifier>{75a1ace9-763e-4195-8d21-9d6625f7dbfb}</UniqueIdentifier>
    </Filter>
    <Filter Include="Optional">
      <UniqueIdentifier>{561333fc-c649-4789-9050-882ec7304428}</UniqueIdentifier>
    </Filter>
    <Filter Include="Delegate">
      <UniqueIdentifier>{5d60db69-b3c0-4d21-a6b0-4c59c6d3de36}</UniqueIdentifier>
    </Filter>
    <Filter Include="Handle">
      <UniqueIdentifier>{e0f711eb-9ed4-46fd-8090-b3dfd698f1dc}</UniqueIdentifier>
    </Filter>
    <Filter Include="Buffer">
      <UniqueIdentifier>{81c53105-78fa-4967-a765-8d23b4f5e263}</UniqueIdentifier>
    </Filter>
    <Filter Include="Network">
      <UniqueIdentifier>{d5320f2f-0153-419d-9294-971f4f9fc842}</UniqueIdentifier>
    </Filter>
    <Filter Include="Variant">
      <UniqueIdentifier>{fcd8f367-f48e-4a37-9226-f8a577ad8e53}</UniqueIdentifier>
    </Filter>
    <Filter Include="Document">
      <UniqueIdentifier>{b11cd563-f17a-40f2-af2f-684d170f0307}</UniqueIdentifier>
    </Filter>
  </ItemGroup>
  <ItemGroup>
    <ClInclude Include="Common.h" />
    <ClInclude Include="Json\Json.h">
      <Filter>Json</Filter>
    </ClInclude>
    <ClInclude Include="CallList\CallList.h">
      <Filter>CallList</Filter>
    </ClInclude>
    <ClInclude Include="FileSystem\File.h">
      <Filter>FileSystem</Filter>
    </ClInclude>
    <ClInclude Include="Assert\Assert.h">
      <Filter>Assert</Filter>
    </ClInclude>
    <ClInclude Include="Allocator\Allocator2D.h">
      <Filter>Allocator</Filter>
    </ClInclude>
    <ClInclude Include="Blit\Blit.h">
      <Filter>Blit</Filter>
    </ClInclude>
    <ClInclude Include="Blit\PixelBuffer.h">
      <Filter>Blit</Filter>
    </ClInclude>
    <ClInclude Include="Optional\Optional.h">
      <Filter>Optional</Filter>
    </ClInclude>
    <ClInclude Include="Thread\MessageQueue.h">
      <Filter>Thread</Filter>
    </ClInclude>
    <ClInclude Include="Thread\Semaphore.h">
      <Filter>Thread</Filter>
    </ClInclude>
    <ClInclude Include="Delegate\Delegate.h">
      <Filter>Delegate</Filter>
    </ClInclude>
    <ClInclude Include="Delegate\DelegateList.h">
      <Filter>Delegate</Filter>
    </ClInclude>
    <ClInclude Include="Delegate\DelegateLink.h">
      <Filter>Delegate</Filter>
    </ClInclude>
    <ClInclude Include="Handle\HandleList.h">
      <Filter>Handle</Filter>
    </ClInclude>
    <ClInclude Include="Handle\Handle.h">
      <Filter>Handle</Filter>
    </ClInclude>
    <ClInclude Include="Buffer\Buffer.h">
      <Filter>Buffer</Filter>
    </ClInclude>
    <ClInclude Include="Network\WebSocket.h">
      <Filter>Network</Filter>
    </ClInclude>
    <ClInclude Include="Network\Network.h">
      <Filter>Network</Filter>
    </ClInclude>
    <ClInclude Include="Buffer\BufferUtil.h">
      <Filter>Buffer</Filter>
    </ClInclude>
    <ClInclude Include="Variant\Variant.h">
      <Filter>Variant</Filter>
    </ClInclude>
    <ClInclude Include="Optional\NullOpt.h">
      <Filter>Optional</Filter>
    </ClInclude>
    <ClInclude Include="Json\JsonSchema.h">
      <Filter>Json</Filter>
    </ClInclude>
    <ClInclude Include="Json\JsonType.h">
      <Filter>Json</Filter>
    </ClInclude>
    <ClInclude Include="Json\JsonSchemaBasic.h">
      <Filter>Json</Filter>
    </ClInclude>
    <ClInclude Include="Json\JsonSchemaSerialize.h">
      <Filter>Json</Filter>
    </ClInclude>
    <ClInclude Include="Json\JsonSchemaSerializeTypes.refl.h">
      <Filter>Json</Filter>
    </ClInclude>
    <ClInclude Include="Json\JsonSchemaSerializeTypes.refl.meta.h">
      <Filter>Json</Filter>
    </ClInclude>
    <ClInclude Include="Document\Document.h">
      <Filter>Document</Filter>
    </ClInclude>
    <ClInclude Include="Document\DocumentTypes.refl.h">
      <Filter>Document</Filter>
    </ClInclude>
    <ClInclude Include="Document\DocumentTypes.refl.meta.h">
      <Filter>Document</Filter>
    </ClInclude>
    <ClInclude Include="Document\DocumentCompiler.h">
      <Filter>Document</Filter>
    </ClInclude>
    <ClInclude Include="Document\DocumentLoader.h">
      <Filter>Document</Filter>
    </ClInclude>
  </ItemGroup>
  <ItemGroup>
    <ClCompile Include="FileSystem\File.cpp">
      <Filter>FileSystem</Filter>
    </ClCompile>
    <ClCompile Include="Assert\Assert.cpp">
      <Filter>Assert</Filter>
    </ClCompile>
    <ClCompile Include="Allocator\Allocator2D.cpp">
      <Filter>Allocator</Filter>
    </ClCompile>
    <ClCompile Include="Blit\Blit.cpp">
      <Filter>Blit</Filter>
    </ClCompile>
    <ClCompile Include="Blit\PixelBuffer.cpp">
      <Filter>Blit</Filter>
    </ClCompile>
    <ClCompile Include="Thread\Semaphore.cpp">
      <Filter>Thread</Filter>
    </ClCompile>
    <ClCompile Include="Buffer\Buffer.cpp">
      <Filter>Buffer</Filter>
    </ClCompile>
    <ClCompile Include="Network\WebSocket.cpp">
      <Filter>Network</Filter>
    </ClCompile>
    <ClCompile Include="Network\Network.cpp">
      <Filter>Network</Filter>
    </ClCompile>
    <ClCompile Include="Buffer\BufferUtil.cpp">
      <Filter>Buffer</Filter>
    </ClCompile>
    <ClCompile Include="Json\Json.cpp">
      <Filter>Json</Filter>
    </ClCompile>
    <ClCompile Include="Json\JsonSchema.cpp">
      <Filter>Json</Filter>
    </ClCompile>
    <ClCompile Include="Json\JsonSchemaSerialize.cpp">
      <Filter>Json</Filter>
    </ClCompile>
    <ClCompile Include="Document\Document.cpp">
      <Filter>Document</Filter>
    </ClCompile>
    <ClCompile Include="Document\DocumentCompiler.cpp">
      <Filter>Document</Filter>
    </ClCompile>
  </ItemGroup>
</Project>