<?xml version="1.0" encoding="utf-8"?>
<Project ToolsVersion="4.0" xmlns="http://schemas.microsoft.com/developer/msbuild/2003">
  <ItemGroup>
    <None Include="packages.config" />
  </ItemGroup>
  <ItemGroup>
    <Filter Include="Reflection">
      <UniqueIdentifier>{82f4cc32-a3ee-4696-86bd-d263f8bb9ad3}</UniqueIdentifier>
    </Filter>
    <Filter Include="Document">
      <UniqueIdentifier>{42b140c8-cc5b-46d9-a9fb-feef0c3c7f84}</UniqueIdentifier>
    </Filter>
    <Filter Include="Json">
      <UniqueIdentifier>{1066015e-4e2e-4218-851b-d15c8b9e476d}</UniqueIdentifier>
    </Filter>
    <Filter Include="Hash">
      <UniqueIdentifier>{a4f0f3c8-077b-45f9-b18a-7d94280f3f26}</UniqueIdentifier>
    </Filter>
    <Filter Include="Singleton">
      <UniqueIdentifier>{9da02f11-ec60-4868-aeb6-442e6b80affc}</UniqueIdentifier>
    </Filter>
    <Filter Include="CallList">
      <UniqueIdentifier>{d070ec39-90d8-42c4-acbf-100299be22d1}</UniqueIdentifier>
    </Filter>
  </ItemGroup>
  <ItemGroup>
    <ClInclude Include="Reflection\Reflection.h">
      <Filter>Reflection</Filter>
    </ClInclude>
    <ClInclude Include="Common.h" />
    <ClInclude Include="Reflection\ReflectionJson.h">
      <Filter>Reflection</Filter>
    </ClInclude>
    <ClInclude Include="Document\Document.h">
      <Filter>Document</Filter>
    </ClInclude>
    <ClInclude Include="Document\DocumentPath.h">
      <Filter>Document</Filter>
    </ClInclude>
    <ClInclude Include="Json\Json.h">
      <Filter>Json</Filter>
    </ClInclude>
    <ClInclude Include="Reflection\ReflectionMap.h">
      <Filter>Reflection</Filter>
    </ClInclude>
    <ClInclude Include="Reflection\ReflectionList.h">
      <Filter>Reflection</Filter>
    </ClInclude>
    <ClInclude Include="Hash\Hash.h">
      <Filter>Hash</Filter>
    </ClInclude>
    <ClInclude Include="Reflection\ReflectionDocument.h">
      <Filter>Reflection</Filter>
    </ClInclude>
    <ClInclude Include="Document\DocumentPathElement.h">
      <Filter>Document</Filter>
    </ClInclude>
    <ClInclude Include="Reflection\ReflectionUI.h">
      <Filter>Reflection</Filter>
    </ClInclude>
    <ClInclude Include="Singleton\Singleton.h">
      <Filter>Singleton</Filter>
    </ClInclude>
    <ClInclude Include="Reflection\TypeDatabase.h">
      <Filter>Reflection</Filter>
    </ClInclude>
    <ClInclude Include="Reflection\ReflectionPolymorphic.h">
      <Filter>Reflection</Filter>
    </ClInclude>
    <ClInclude Include="CallList\CallList.h">
      <Filter>CallList</Filter>
    </ClInclude>
    <ClInclude Include="Reflection\TypeInfo.h">
      <Filter>Reflection</Filter>
    </ClInclude>
    <ClInclude Include="Reflection\ReflectionNumber.h">
      <Filter>Reflection</Filter>
    </ClInclude>
    <ClInclude Include="Reflection\ReflectionParent.h">
      <Filter>Reflection</Filter>
    </ClInclude>
    <ClInclude Include="Reflection\ReflectionStruct.h">
      <Filter>Reflection</Filter>
    </ClInclude>
    <ClInclude Include="Reflection\ReflectionString.h">
      <Filter>Reflection</Filter>
    </ClInclude>
    <ClInclude Include="Reflection\ReflectionCommon.h">
      <Filter>Reflection</Filter>
    </ClInclude>
    <ClInclude Include="Reflection\ReflectionEnum.h">
      <Filter>Reflection</Filter>
    </ClInclude>
    <ClInclude Include="Reflection\ReflectionChangeNotifier.h">
      <Filter>Reflection</Filter>
    </ClInclude>
    <ClInclude Include="Reflection\ReflectionJsonThin.h">
      <Filter>Reflection</Filter>
    </ClInclude>
    <ClInclude Include="Reflection\TypeDatabaseThin.h">
      <Filter>Reflection</Filter>
    </ClInclude>
    <ClInclude Include="Reflection\TypeDatabaseRegister.h">
      <Filter>Reflection</Filter>
    </ClInclude>
  </ItemGroup>
  <ItemGroup>
    <ClCompile Include="Reflection\TypeDatabase.cpp">
      <Filter>Reflection</Filter>
    </ClCompile>
    <ClCompile Include="Document\DocumentPath.cpp">
      <Filter>Document</Filter>
    </ClCompile>
    <ClCompile Include="Document\Document.cpp">
      <Filter>Document</Filter>
    </ClCompile>
    <ClCompile Include="Document\DocumentPathElement.cpp">
      <Filter>Document</Filter>
    </ClCompile>
    <ClCompile Include="CallList\Hash.cpp">
      <Filter>Hash</Filter>
    </ClCompile>
    <ClCompile Include="Singleton\Singleton.cpp">
      <Filter>Singleton</Filter>
    </ClCompile>
    <ClCompile Include="Reflection\ReflectionJsonThin.cpp">
      <Filter>Reflection</Filter>
    </ClCompile>
    <ClCompile Include="Reflection\TypeDatabaseThin.cpp">
      <Filter>Reflection</Filter>
    </ClCompile>
    <ClCompile Include="Reflection\ReflectionChangeNotifier.cpp">
      <Filter>Reflection</Filter>
    </ClCompile>
  </ItemGroup>
</Project>