<?xml version="1.0" encoding="utf-8"?>
<Project ToolsVersion="4.0" xmlns="http://schemas.microsoft.com/developer/msbuild/2003">
  <ItemGroup>
    <Filter Include="Entity">
      <UniqueIdentifier>{da1a0658-5018-4b7d-988b-57e4e0958942}</UniqueIdentifier>
    </Filter>
    <Filter Include="Component">
      <UniqueIdentifier>{ff19f355-3323-4f25-93a9-064ba7f2c02c}</UniqueIdentifier>
    </Filter>
    <Filter Include="Sprite">
      <UniqueIdentifier>{d6e72b1c-c4a6-43d0-a958-d46772d40c7f}</UniqueIdentifier>
    </Filter>
    <Filter Include="DocumentResource">
      <UniqueIdentifier>{bfdd6c21-980d-414d-8ae9-d0ac10748e88}</UniqueIdentifier>
    </Filter>
    <Filter Include="Animation">
      <UniqueIdentifier>{b2b9c558-31ff-482a-9cd0-306f9b2fa9c2}</UniqueIdentifier>
    </Filter>
    <Filter Include="Map">
      <UniqueIdentifier>{2188d6ef-394e-4c79-bfbb-eeb27cb373c1}</UniqueIdentifier>
    </Filter>
    <Filter Include="TileSheet">
      <UniqueIdentifier>{435d5c79-33b0-49b0-a925-3961889c09cc}</UniqueIdentifier>
    </Filter>
    <Filter Include="SpriteBase">
      <UniqueIdentifier>{41c22b83-dfca-40b4-8f7f-010e585be406}</UniqueIdentifier>
    </Filter>
    <Filter Include="Collision">
      <UniqueIdentifier>{812d55b2-edf2-4c42-aff9-8fddc6ec923c}</UniqueIdentifier>
    </Filter>
    <Filter Include="Mover">
      <UniqueIdentifier>{716b2ac1-51b1-49fb-b5ab-6ccc94786875}</UniqueIdentifier>
    </Filter>
    <Filter Include="Event">
      <UniqueIdentifier>{dd689807-5694-4b69-9414-1e1bb6f84398}</UniqueIdentifier>
    </Filter>
    <Filter Include="FrameData">
      <UniqueIdentifier>{54a4a09b-2257-4679-94c3-65906f0dcee7}</UniqueIdentifier>
    </Filter>
    <Filter Include="Path">
      <UniqueIdentifier>{53974fc1-7bfc-47d3-b8c0-723e99be5486}</UniqueIdentifier>
    </Filter>
    <Filter Include="Volume">
      <UniqueIdentifier>{ca14bad0-394d-4b51-b025-c7ede30a5abf}</UniqueIdentifier>
    </Filter>
    <Filter Include="GenericResource">
      <UniqueIdentifier>{231f4049-7435-4b79-b9a7-c65e1d58fd28}</UniqueIdentifier>
    </Filter>
    <Filter Include="Config">
      <UniqueIdentifier>{296e042c-7913-4a32-9058-3bdb6743c781}</UniqueIdentifier>
    </Filter>
    <Filter Include="Anchor">
      <UniqueIdentifier>{d96cb076-330c-428e-b500-26747902612d}</UniqueIdentifier>
    </Filter>
    <Filter Include="UI">
      <UniqueIdentifier>{b77d9298-d7af-447e-a914-8aeced9d1a52}</UniqueIdentifier>
    </Filter>
  </ItemGroup>
  <ItemGroup>
    <ClCompile Include="Sprite\SpriteDef.refl.cpp">
      <Filter>Sprite</Filter>
    </ClCompile>
    <ClCompile Include="Component\ComponentInitData.refl.cpp">
      <Filter>Component</Filter>
    </ClCompile>
    <ClCompile Include="RuntimeCommon.cpp" />
    <ClCompile Include="Runtime.cpp" />
    <ClCompile Include="DocumentResource\DocumentResourceReferenceBase.cpp">
      <Filter>DocumentResource</Filter>
    </ClCompile>
    <ClCompile Include="DocumentResource\DocumentResourceBase.cpp">
      <Filter>DocumentResource</Filter>
    </ClCompile>
    <ClCompile Include="DocumentResource\DocumentResourceManager.cpp">
      <Filter>DocumentResource</Filter>
    </ClCompile>
    <ClCompile Include="Sprite\SpriteResource.cpp">
      <Filter>Sprite</Filter>
    </ClCompile>
    <ClCompile Include="Entity\EntityResource.cpp">
      <Filter>Entity</Filter>
    </ClCompile>
    <ClCompile Include="Map\MapDef.refl.cpp">
      <Filter>Map</Filter>
    </ClCompile>
    <ClCompile Include="TileSheet\TileSheetResource.cpp">
      <Filter>TileSheet</Filter>
    </ClCompile>
    <ClCompile Include="TileSheet\TileSheetDef.refl.cpp">
      <Filter>TileSheet</Filter>
    </ClCompile>
    <ClCompile Include="Entity\EntityDef.refl.cpp">
      <Filter>Entity</Filter>
    </ClCompile>
    <ClCompile Include="Map\MapResource.cpp">
      <Filter>Map</Filter>
    </ClCompile>
    <ClCompile Include="Collision\CollisionSystem.cpp">
      <Filter>Collision</Filter>
    </ClCompile>
    <ClCompile Include="Mover\Mover.cpp">
      <Filter>Mover</Filter>
    </ClCompile>
    <ClCompile Include="FrameData\FrameData.refl.cpp">
      <Filter>FrameData</Filter>
    </ClCompile>
    <ClCompile Include="SpriteBase\SpriteBaseDef.refl.cpp">
      <Filter>SpriteBase</Filter>
    </ClCompile>
    <ClCompile Include="Path\PathDef.refl.cpp">
      <Filter>Path</Filter>
    </ClCompile>
    <ClCompile Include="Path\PathTypeDatabase.cpp">
      <Filter>Path</Filter>
    </ClCompile>
    <ClCompile Include="Volume\VolumeDef.refl.cpp">
      <Filter>Volume</Filter>
    </ClCompile>
    <ClCompile Include="Volume\VolumeTypeDatabase.cpp">
      <Filter>Volume</Filter>
    </ClCompile>
    <ClCompile Include="Component\ComponentInitDataTypeDatabase.cpp">
      <Filter>Component</Filter>
    </ClCompile>
    <ClCompile Include="Config\ConfigManager.cpp">
      <Filter>Config</Filter>
    </ClCompile>
    <ClCompile Include="Map\MapEffectLayerDef.refl.cpp">
      <Filter>Map</Filter>
    </ClCompile>
    <ClCompile Include="Map\MapEffectLayerTypeDatabase.cpp">
      <Filter>Map</Filter>
    </ClCompile>
    <ClCompile Include="Anchor\AnchorDef.refl.cpp">
      <Filter>Anchor</Filter>
    </ClCompile>
    <ClCompile Include="Anchor\AnchorTypeDatabase.cpp">
      <Filter>Anchor</Filter>
    </ClCompile>
    <ClCompile Include="UI\UIDef.refl.cpp">
      <Filter>UI</Filter>
    </ClCompile>
    <ClCompile Include="UI\UIElementTypeDatabase.cpp">
      <Filter>UI</Filter>
    </ClCompile>
  </ItemGroup>
  <ItemGroup>
    <ClInclude Include="Entity\EntityDef.refl.h">
      <Filter>Entity</Filter>
    </ClInclude>
    <ClInclude Include="Entity\EntityDef.refl.meta.h">
      <Filter>Entity</Filter>
    </ClInclude>
    <ClInclude Include="Sprite\SpriteDef.refl.h">
      <Filter>Sprite</Filter>
    </ClInclude>
    <ClInclude Include="Sprite\SpriteDef.refl.meta.h">
      <Filter>Sprite</Filter>
    </ClInclude>
    <ClInclude Include="Component\ComponentInitData.refl.h">
      <Filter>Component</Filter>
    </ClInclude>
    <ClInclude Include="Component\ComponentInitData.refl.meta.h">
      <Filter>Component</Filter>
    </ClInclude>
    <ClInclude Include="Runtime.h" />
    <ClInclude Include="RuntimeCommon.h" />
    <ClInclude Include="DocumentResource\DocumentResourceReference.h">
      <Filter>DocumentResource</Filter>
    </ClInclude>
    <ClInclude Include="DocumentResource\DocumentResourceReferenceBase.h">
      <Filter>DocumentResource</Filter>
    </ClInclude>
    <ClInclude Include="DocumentResource\DocumentResourceBase.h">
      <Filter>DocumentResource</Filter>
    </ClInclude>
    <ClInclude Include="DocumentResource\DocumentResourceMacros.h">
      <Filter>DocumentResource</Filter>
    </ClInclude>
    <ClInclude Include="DocumentResource\DocumentResourceLoader.h">
      <Filter>DocumentResource</Filter>
    </ClInclude>
    <ClInclude Include="DocumentResource\DocumentResourceManager.h">
      <Filter>DocumentResource</Filter>
    </ClInclude>
    <ClInclude Include="DocumentResource\DocumentResourcePtr.h">
      <Filter>DocumentResource</Filter>
    </ClInclude>
    <ClInclude Include="Sprite\SpriteResource.h">
      <Filter>Sprite</Filter>
    </ClInclude>
    <ClInclude Include="Animation\AnimationState.h">
      <Filter>Animation</Filter>
    </ClInclude>
    <ClInclude Include="Entity\EntityResource.h">
      <Filter>Entity</Filter>
    </ClInclude>
    <ClInclude Include="Map\MapDef.refl.h">
      <Filter>Map</Filter>
    </ClInclude>
    <ClInclude Include="Map\MapDef.refl.meta.h">
      <Filter>Map</Filter>
    </ClInclude>
    <ClInclude Include="SpriteBase\SpriteBaseDef.refl.h">
      <Filter>SpriteBase</Filter>
    </ClInclude>
    <ClInclude Include="SpriteBase\SpriteBaseDef.refl.meta.h">
      <Filter>SpriteBase</Filter>
    </ClInclude>
    <ClInclude Include="TileSheet\TileSheetResource.h">
      <Filter>TileSheet</Filter>
    </ClInclude>
    <ClInclude Include="TileSheet\TileSheetDef.refl.h">
      <Filter>TileSheet</Filter>
    </ClInclude>
    <ClInclude Include="TileSheet\TileSheetDef.refl.meta.h">
      <Filter>TileSheet</Filter>
    </ClInclude>
    <ClInclude Include="Map\MapTile.h">
      <Filter>Map</Filter>
    </ClInclude>
    <ClInclude Include="Map\MapTileJson.h">
      <Filter>Map</Filter>
    </ClInclude>
    <ClInclude Include="Map\MapResource.h">
      <Filter>Map</Filter>
    </ClInclude>
    <ClInclude Include="Collision\CollisionSystem.h">
      <Filter>Collision</Filter>
    </ClInclude>
    <ClInclude Include="Mover\Mover.h">
      <Filter>Mover</Filter>
    </ClInclude>
    <ClInclude Include="Mover\MoverState.h">
      <Filter>Mover</Filter>
    </ClInclude>
    <ClInclude Include="Event\EventSystem.h">
      <Filter>Event</Filter>
    </ClInclude>
    <ClInclude Include="Map\MapMetaExtractor.h">
      <Filter>Map</Filter>
    </ClInclude>
    <ClInclude Include="FrameData\FrameData.refl.h">
      <Filter>FrameData</Filter>
    </ClInclude>
    <ClInclude Include="FrameData\FrameData.refl.meta.h">
      <Filter>FrameData</Filter>
    </ClInclude>
    <ClInclude Include="Path\PathDef.refl.h">
      <Filter>Path</Filter>
    </ClInclude>
    <ClInclude Include="Path\PathDef.refl.meta.h">
      <Filter>Path</Filter>
    </ClInclude>
    <ClInclude Include="Path\PathTypeDatabase.h">
      <Filter>Path</Filter>
    </ClInclude>
    <ClInclude Include="Path\PathTypeRegister.h">
      <Filter>Path</Filter>
    </ClInclude>
    <ClInclude Include="Volume\VolumeDef.refl.h">
      <Filter>Volume</Filter>
    </ClInclude>
    <ClInclude Include="Volume\VolumeDef.refl.meta.h">
      <Filter>Volume</Filter>
    </ClInclude>
    <ClInclude Include="Volume\VolumeTypeDatabase.h">
      <Filter>Volume</Filter>
    </ClInclude>
    <ClInclude Include="Volume\VolumeTypeRegister.h">
      <Filter>Volume</Filter>
    </ClInclude>
    <ClInclude Include="Component\ComponentInitDataTypeDatabase.h">
      <Filter>Component</Filter>
    </ClInclude>
    <ClInclude Include="Component\ComponentInitDataTypeDatabaseRegister.h">
      <Filter>Component</Filter>
    </ClInclude>
    <ClInclude Include="Event\EventDispatcher.h">
      <Filter>Event</Filter>
    </ClInclude>
    <ClInclude Include="GenericResource\GenericResource.h">
      <Filter>GenericResource</Filter>
    </ClInclude>
    <ClInclude Include="Collision\IntersectionDatabase.h">
      <Filter>Collision</Filter>
    </ClInclude>
    <ClInclude Include="Config\ConfigRegistrationMacros.h">
      <Filter>Config</Filter>
    </ClInclude>
    <ClInclude Include="Config\ConfigManager.h">
      <Filter>Config</Filter>
    </ClInclude>
    <ClInclude Include="Config\ConfigList.h">
      <Filter>Config</Filter>
    </ClInclude>
    <ClInclude Include="Map\MapEffectLayerDef.refl.h">
      <Filter>Map</Filter>
    </ClInclude>
    <ClInclude Include="Map\MapEffectLayerDef.refl.meta.h">
      <Filter>Map</Filter>
    </ClInclude>
    <ClInclude Include="Map\MapEffectLayerTypeDatabase.h">
      <Filter>Map</Filter>
    </ClInclude>
    <ClInclude Include="Map\MapEffectLayerTypeRegister.h">
      <Filter>Map</Filter>
    </ClInclude>
    <ClInclude Include="Anchor\AnchorDef.refl.h">
      <Filter>Anchor</Filter>
    </ClInclude>
    <ClInclude Include="Anchor\AnchorDef.refl.meta.h">
      <Filter>Anchor</Filter>
    </ClInclude>
    <ClInclude Include="Anchor\AnchorTypeDatabase.h">
      <Filter>Anchor</Filter>
    </ClInclude>
    <ClInclude Include="Anchor\AnchorTypeRegister.h">
      <Filter>Anchor</Filter>
    </ClInclude>
    <ClInclude Include="UI\UIDef.refl.h">
      <Filter>UI</Filter>
    </ClInclude>
    <ClInclude Include="UI\UIDef.refl.meta.h">
      <Filter>UI</Filter>
    </ClInclude>
    <ClInclude Include="UI\UIElementTypeDatabase.h">
      <Filter>UI</Filter>
    </ClInclude>
    <ClInclude Include="UI\UIElementTypeRegister.h">
      <Filter>UI</Filter>
    </ClInclude>
    <ClInclude Include="UI\UITypes.refl.h">
      <Filter>UI</Filter>
    </ClInclude>
    <ClInclude Include="UI\UITypes.refl.meta.h">
      <Filter>UI</Filter>
    </ClInclude>
  </ItemGroup>
</Project>