<?xml version="1.0" encoding="utf-8"?>
<Project ToolsVersion="14.0" xmlns="http://schemas.microsoft.com/developer/msbuild/2003">
  <ItemGroup>
    <Filter Include="ServerObject">
      <UniqueIdentifier>{f8a05fa2-71bf-4ba8-b083-5020aa0364f0}</UniqueIdentifier>
    </Filter>
  </ItemGroup>
  <ItemGroup>
    <ClCompile Include="ServerObject\ServerObject.cpp">
      <Filter>ServerObject</Filter>
    </ClCompile>
    <ClCompile Include="ServerObject\ServerObjectHandle.cpp">
      <Filter>ServerObject</Filter>
    </ClCompile>
    <ClCompile Include="ServerCommon.cpp" />
    <ClCompile Include="ServerObject\ServerObjectSystem.cpp">
      <Filter>ServerObject</Filter>
    </ClCompile>
    <ClCompile Include="ServerObject\ServerObjectManager.cpp">
      <Filter>ServerObject</Filter>
    </ClCompile>
    <ClCompile Include="ServerObject\ServerObjectUpdate.cpp">
      <Filter>ServerObject</Filter>
    </ClCompile>
    <ClCompile Include="ServerObject\ServerObjectSerialize.cpp">
      <Filter>ServerObject</Filter>
    </ClCompile>
  </ItemGroup>
  <ItemGroup>
    <ClInclude Include="ServerObject\ServerObject.h">
      <Filter>ServerObject</Filter>
    </ClInclude>
    <ClInclude Include="ServerObject\ServerObjectHandle.h">
      <Filter>ServerObject</Filter>
    </ClInclude>
    <ClInclude Include="ServerCommon.h" />
    <ClInclude Include="ServerObject\ServerObjectSystem.h">
      <Filter>ServerObject</Filter>
    </ClInclude>
    <ClInclude Include="ServerObject\ServerObjectManager.h">
      <Filter>ServerObject</Filter>
    </ClInclude>
    <ClInclude Include="ServerObject\ServerObjectRegistrationMacros.h">
      <Filter>ServerObject</Filter>
    </ClInclude>
    <ClInclude Include="ServerObject\ServerObjectMetaFuncs.h">
      <Filter>ServerObject</Filter>
    </ClInclude>
    <ClInclude Include="ServerObject\ServerObjectUpdate.h">
      <Filter>ServerObject</Filter>
    </ClInclude>
    <ClInclude Include="ServerObject\ServerObjectSerialzie.h">
      <Filter>ServerObject</Filter>
    </ClInclude>
  </ItemGroup>
</Project>