<?xml version="1.0" encoding="utf-8"?>
<Project ToolsVersion="4.0" xmlns="http://schemas.microsoft.com/developer/msbuild/2003">
  <ItemGroup>
    <Filter Include="Source Files">
      <UniqueIdentifier>{4FC737F1-C7A5-4376-A066-2A32D752A2FF}</UniqueIdentifier>
      <Extensions>cpp;c;cc;cxx;def;odl;idl;hpj;bat;asm;asmx</Extensions>
    </Filter>
    <Filter Include="Resource Files">
      <UniqueIdentifier>{D9D6E242-F8AF-46E4-B9FD-80ECBC20BA3E}</UniqueIdentifier>
      <Extensions>qrc;*</Extensions>
      <ParseFiles>false</ParseFiles>
    </Filter>
    <Filter Include="Form Files">
      <UniqueIdentifier>{99349809-55BA-4b9d-BF79-8FDBB0286EB3}</UniqueIdentifier>
      <Extensions>ui</Extensions>
    </Filter>
    <Filter Include="Resource Files">
      <UniqueIdentifier>{D9D6E242-F8AF-46E4-B9FD-80ECBC20BA3E}</UniqueIdentifier>
      <Extensions>qrc;*</Extensions>
      <ParseFiles>false</ParseFiles>
    </Filter>
    <Filter Include="Generated Files">
      <UniqueIdentifier>{71ED8ED8-ACB9-4CE9-BBE1-E00B30144E11}</UniqueIdentifier>
      <Extensions>moc;h;cpp</Extensions>
      <SourceControlFiles>False</SourceControlFiles>
    </Filter>
    <Filter Include="Generated Files\Debug">
      <UniqueIdentifier>{ce8142a5-812b-4368-a175-d80f3a863261}</UniqueIdentifier>
      <Extensions>cpp;moc</Extensions>
      <SourceControlFiles>False</SourceControlFiles>
    </Filter>
    <Filter Include="Generated Files\Release">
      <UniqueIdentifier>{032f7225-972b-4d35-8fee-5aaa1a423e4a}</UniqueIdentifier>
      <Extensions>cpp;moc</Extensions>
      <SourceControlFiles>False</SourceControlFiles>
    </Filter>
    <Filter Include="Generated Files\CoreOpt">
      <UniqueIdentifier>{86da45b1-39f9-466f-892c-fd193549e545}</UniqueIdentifier>
      <Extensions>cpp;moc</Extensions>
      <SourceControlFiles>False</SourceControlFiles>
    </Filter>
    <Filter Include="Source Files\PropertyEditors">
      <UniqueIdentifier>{b115544e-db25-4738-866e-3f57abf95026}</UniqueIdentifier>
    </Filter>
    <Filter Include="Source Files\DocumentEditors">
      <UniqueIdentifier>{3eb74bdd-444c-48c2-8ee5-c1794fc510dc}</UniqueIdentifier>
    </Filter>
    <Filter Include="Source Files\CommonWidgets">
      <UniqueIdentifier>{db8a4cc2-8be2-4dcb-b5f1-0b9de7969e37}</UniqueIdentifier>
    </Filter>
    <Filter Include="Source Files\AssetViewers">
      <UniqueIdentifier>{aaab16e6-7076-41c1-9d16-851a574e7fd3}</UniqueIdentifier>
    </Filter>
    <Filter Include="Source Files\DocumentEditors\Sprite">
      <UniqueIdentifier>{37afdb77-e376-412a-8b91-713d9b730dbb}</UniqueIdentifier>
    </Filter>
    <Filter Include="Source Files\DocumentEditors\EntityEditor">
      <UniqueIdentifier>{10c5e8c8-0773-44d1-b3d2-0afadd9cd98c}</UniqueIdentifier>
    </Filter>
    <Filter Include="Source Files\DocumentEditors\SpriteBase">
      <UniqueIdentifier>{5aaa4d1a-e28b-417c-b919-613622152121}</UniqueIdentifier>
    </Filter>
    <Filter Include="Source Files\DocumentEditors\TileSheet">
      <UniqueIdentifier>{53f7fde5-c6f0-4672-9cec-56f935d5a37d}</UniqueIdentifier>
    </Filter>
    <Filter Include="Source Files\DocumentEditors\MapEditor">
      <UniqueIdentifier>{d3fef978-3a9b-4a62-8826-fd16b41b05dc}</UniqueIdentifier>
    </Filter>
    <Filter Include="Source Files\DocumentEditors\MapEditor\Tool">
      <UniqueIdentifier>{bf8d30a8-27ae-4a89-b1ba-7b9e0016623c}</UniqueIdentifier>
    </Filter>
    <Filter Include="Source Files\DocumentEditors\FrameEditor">
      <UniqueIdentifier>{d4504bee-6c1c-4360-a48c-daa870743ec8}</UniqueIdentifier>
    </Filter>
    <Filter Include="Source Files\Utility">
      <UniqueIdentifier>{dc544c31-4ca5-47cc-86f7-c8ab327c59c7}</UniqueIdentifier>
    </Filter>
    <Filter Include="Generated Files\FinalStatic">
      <UniqueIdentifier>{9a379078-9891-4c1f-8217-a28ffb6f999b}</UniqueIdentifier>
      <Extensions>cpp;moc</Extensions>
      <SourceControlFiles>False</SourceControlFiles>
    </Filter>
    <Filter Include="Source Files\DocumentEditors\ConfigEditor">
      <UniqueIdentifier>{457caee8-0507-4c64-b9eb-5f1fac740aae}</UniqueIdentifier>
    </Filter>
    <Filter Include="Source Files\DocumentEditors\UIEditor">
      <UniqueIdentifier>{df206de4-3bc4-48a6-8882-9ad3a79441d1}</UniqueIdentifier>
    </Filter>
    <Filter Include="Source Files\DocumentEditors\VisualEffectEditor">
      <UniqueIdentifier>{46f787ad-8b6f-4ac3-a253-5d58cc19289f}</UniqueIdentifier>
    </Filter>
    <Filter Include="Source Files\DocumentEditors\ServerObjectEditor">
      <UniqueIdentifier>{77d751b7-c22c-4e55-8237-d4b4e31687f8}</UniqueIdentifier>
    </Filter>
  </ItemGroup>
  <ItemGroup>
    <ClCompile Include="main.cpp">
      <Filter>Source Files</Filter>
    </ClCompile>
    <ClCompile Include="EditorContainer.cpp">
      <Filter>Source Files</Filter>
    </ClCompile>
    <ClCompile Include="GeneratedFiles\Debug\moc_EditorContainer.cpp">
      <Filter>Generated Files\Debug</Filter>
    </ClCompile>
    <ClCompile Include="GeneratedFiles\Release\moc_EditorContainer.cpp">
      <Filter>Generated Files\Release</Filter>
    </ClCompile>
    <ClCompile Include="GeneratedFiles\qrc_EditorContainer.cpp">
      <Filter>Generated Files</Filter>
    </ClCompile>
    <ClCompile Include="ConnectingDialog.cpp">
      <Filter>Source Files</Filter>
    </ClCompile>
    <ClCompile Include="GeneratedFiles\Debug\moc_ConnectingDialog.cpp">
      <Filter>Generated Files\Debug</Filter>
    </ClCompile>
    <ClCompile Include="GeneratedFiles\Release\moc_ConnectingDialog.cpp">
      <Filter>Generated Files\Release</Filter>
    </ClCompile>
    <ClCompile Include="GeneratedFiles\Debug\moc_TextureViewer.cpp">
      <Filter>Generated Files\Debug</Filter>
    </ClCompile>
    <ClCompile Include="GeneratedFiles\Release\moc_TextureViewer.cpp">
      <Filter>Generated Files\Release</Filter>
    </ClCompile>
    <ClCompile Include="GeneratedFiles\Debug\moc_FontViewer.cpp">
      <Filter>Generated Files\Debug</Filter>
    </ClCompile>
    <ClCompile Include="GeneratedFiles\Release\moc_FontViewer.cpp">
      <Filter>Generated Files\Release</Filter>
    </ClCompile>
    <ClCompile Include="GeneratedFiles\Debug\moc_AudioViewer.cpp">
      <Filter>Generated Files\Debug</Filter>
    </ClCompile>
    <ClCompile Include="GeneratedFiles\Release\moc_AudioViewer.cpp">
      <Filter>Generated Files\Release</Filter>
    </ClCompile>
    <ClCompile Include="DocumentEditorBase.cpp">
      <Filter>Source Files</Filter>
    </ClCompile>
    <ClCompile Include="GeneratedFiles\Debug\moc_DocumentEditorBase.cpp">
      <Filter>Generated Files\Debug</Filter>
    </ClCompile>
    <ClCompile Include="GeneratedFiles\Release\moc_DocumentEditorBase.cpp">
      <Filter>Generated Files\Release</Filter>
    </ClCompile>
    <ClCompile Include="GeneratedFiles\CoreOpt\moc_DocumentEditorBase.cpp">
      <Filter>Generated Files\CoreOpt</Filter>
    </ClCompile>
    <ClCompile Include="DocumentServerThread.cpp">
      <Filter>Source Files</Filter>
    </ClCompile>
    <ClCompile Include="DocumentEditorWidgetBase.cpp">
      <Filter>Source Files</Filter>
    </ClCompile>
    <ClCompile Include="GeneratedFiles\Debug\moc_DocumentEditorWidgetBase.cpp">
      <Filter>Generated Files\Debug</Filter>
    </ClCompile>
    <ClCompile Include="GeneratedFiles\Release\moc_DocumentEditorWidgetBase.cpp">
      <Filter>Generated Files\Release</Filter>
    </ClCompile>
    <ClCompile Include="GeneratedFiles\CoreOpt\moc_DocumentEditorWidgetBase.cpp">
      <Filter>Generated Files\CoreOpt</Filter>
    </ClCompile>
    <ClCompile Include="GenericInput.cpp">
      <Filter>Source Files\CommonWidgets</Filter>
    </ClCompile>
    <ClCompile Include="GeneratedFiles\Debug\moc_GenericInput.cpp">
      <Filter>Generated Files\Debug</Filter>
    </ClCompile>
    <ClCompile Include="GeneratedFiles\Release\moc_GenericInput.cpp">
      <Filter>Generated Files\Release</Filter>
    </ClCompile>
    <ClCompile Include="GeneratedFiles\CoreOpt\moc_GenericInput.cpp">
      <Filter>Generated Files\CoreOpt</Filter>
    </ClCompile>
    <ClCompile Include="TextureViewerWidget.cpp">
      <Filter>Source Files\CommonWidgets</Filter>
    </ClCompile>
    <ClCompile Include="GeneratedFiles\Debug\moc_TextureViewerWidget.cpp">
      <Filter>Generated Files\Debug</Filter>
    </ClCompile>
    <ClCompile Include="GeneratedFiles\Release\moc_TextureViewerWidget.cpp">
      <Filter>Generated Files\Release</Filter>
    </ClCompile>
    <ClCompile Include="GeneratedFiles\CoreOpt\moc_TextureViewerWidget.cpp">
      <Filter>Generated Files\CoreOpt</Filter>
    </ClCompile>
    <ClCompile Include="ScrollingPanel.cpp">
      <Filter>Source Files\CommonWidgets</Filter>
    </ClCompile>
    <ClCompile Include="GenericList.cpp">
      <Filter>Source Files\CommonWidgets</Filter>
    </ClCompile>
    <ClCompile Include="GeneratedFiles\Debug\moc_GenericList.cpp">
      <Filter>Generated Files\Debug</Filter>
    </ClCompile>
    <ClCompile Include="GeneratedFiles\Debug\moc_ScrollingPanel.cpp">
      <Filter>Generated Files\Debug</Filter>
    </ClCompile>
    <ClCompile Include="GeneratedFiles\Release\moc_GenericList.cpp">
      <Filter>Generated Files\Release</Filter>
    </ClCompile>
    <ClCompile Include="GeneratedFiles\CoreOpt\moc_GenericList.cpp">
      <Filter>Generated Files\CoreOpt</Filter>
    </ClCompile>
    <ClCompile Include="GeneratedFiles\Release\moc_ScrollingPanel.cpp">
      <Filter>Generated Files\Release</Filter>
    </ClCompile>
    <ClCompile Include="GeneratedFiles\CoreOpt\moc_ScrollingPanel.cpp">
      <Filter>Generated Files\CoreOpt</Filter>
    </ClCompile>
    <ClCompile Include="AudioViewer.cpp">
      <Filter>Source Files\AssetViewers</Filter>
    </ClCompile>
    <ClCompile Include="FontViewer.cpp">
      <Filter>Source Files\AssetViewers</Filter>
    </ClCompile>
    <ClCompile Include="TextureViewer.cpp">
      <Filter>Source Files\AssetViewers</Filter>
    </ClCompile>
    <ClCompile Include="PropertyEditorString.cpp">
      <Filter>Source Files\PropertyEditors</Filter>
    </ClCompile>
    <ClCompile Include="GeneratedFiles\Debug\moc_PropertyEditorString.cpp">
      <Filter>Generated Files\Debug</Filter>
    </ClCompile>
    <ClCompile Include="GeneratedFiles\Release\moc_PropertyEditorString.cpp">
      <Filter>Generated Files\Release</Filter>
    </ClCompile>
    <ClCompile Include="GeneratedFiles\CoreOpt\moc_PropertyEditorString.cpp">
      <Filter>Generated Files\CoreOpt</Filter>
    </ClCompile>
    <ClCompile Include="PropertyEditorStruct.cpp">
      <Filter>Source Files\PropertyEditors</Filter>
    </ClCompile>
    <ClCompile Include="GeneratedFiles\Debug\moc_PropertyEditorStruct.cpp">
      <Filter>Generated Files\Debug</Filter>
    </ClCompile>
    <ClCompile Include="GeneratedFiles\Release\moc_PropertyEditorStruct.cpp">
      <Filter>Generated Files\Release</Filter>
    </ClCompile>
    <ClCompile Include="GeneratedFiles\CoreOpt\moc_PropertyEditorStruct.cpp">
      <Filter>Generated Files\CoreOpt</Filter>
    </ClCompile>
    <ClCompile Include="PropertyEditorWidget.cpp">
      <Filter>Source Files\PropertyEditors</Filter>
    </ClCompile>
    <ClCompile Include="PropertyEditor.cpp">
      <Filter>Source Files\PropertyEditors</Filter>
    </ClCompile>
    <ClCompile Include="GeneratedFiles\Debug\moc_PropertyEditor.cpp">
      <Filter>Generated Files\Debug</Filter>
    </ClCompile>
    <ClCompile Include="GeneratedFiles\Release\moc_PropertyEditor.cpp">
      <Filter>Generated Files\Release</Filter>
    </ClCompile>
    <ClCompile Include="GeneratedFiles\CoreOpt\moc_PropertyEditor.cpp">
      <Filter>Generated Files\CoreOpt</Filter>
    </ClCompile>
    <ClCompile Include="PropertyEditorNumber.cpp">
      <Filter>Source Files\PropertyEditors</Filter>
    </ClCompile>
    <ClCompile Include="GeneratedFiles\Debug\moc_PropertyEditorNumber.cpp">
      <Filter>Generated Files\Debug</Filter>
    </ClCompile>
    <ClCompile Include="GeneratedFiles\Release\moc_PropertyEditorNumber.cpp">
      <Filter>Generated Files\Release</Filter>
    </ClCompile>
    <ClCompile Include="GeneratedFiles\CoreOpt\moc_PropertyEditorNumber.cpp">
      <Filter>Generated Files\CoreOpt</Filter>
    </ClCompile>
    <ClCompile Include="PropertyEditorFile.cpp">
      <Filter>Source Files\PropertyEditors</Filter>
    </ClCompile>
    <ClCompile Include="GeneratedFiles\Debug\moc_PropertyEditorFile.cpp">
      <Filter>Generated Files\Debug</Filter>
    </ClCompile>
    <ClCompile Include="GeneratedFiles\Release\moc_PropertyEditorFile.cpp">
      <Filter>Generated Files\Release</Filter>
    </ClCompile>
    <ClCompile Include="GeneratedFiles\CoreOpt\moc_PropertyEditorFile.cpp">
      <Filter>Generated Files\CoreOpt</Filter>
    </ClCompile>
    <ClCompile Include="GenericFrame.cpp">
      <Filter>Source Files\CommonWidgets</Filter>
    </ClCompile>
    <ClCompile Include="GeneratedFiles\Debug\moc_GenericFrame.cpp">
      <Filter>Generated Files\Debug</Filter>
    </ClCompile>
    <ClCompile Include="GeneratedFiles\Release\moc_GenericFrame.cpp">
      <Filter>Generated Files\Release</Filter>
    </ClCompile>
    <ClCompile Include="GeneratedFiles\CoreOpt\moc_GenericFrame.cpp">
      <Filter>Generated Files\CoreOpt</Filter>
    </ClCompile>
    <ClCompile Include="PropertyEditorBool.cpp">
      <Filter>Source Files\PropertyEditors</Filter>
    </ClCompile>
    <ClCompile Include="GeneratedFiles\Debug\moc_PropertyEditorBool.cpp">
      <Filter>Generated Files\Debug</Filter>
    </ClCompile>
    <ClCompile Include="GeneratedFiles\Release\moc_PropertyEditorBool.cpp">
      <Filter>Generated Files\Release</Filter>
    </ClCompile>
    <ClCompile Include="GeneratedFiles\CoreOpt\moc_PropertyEditorBool.cpp">
      <Filter>Generated Files\CoreOpt</Filter>
    </ClCompile>
    <ClCompile Include="GenericCheckbox.cpp">
      <Filter>Source Files\CommonWidgets</Filter>
    </ClCompile>
    <ClCompile Include="GeneratedFiles\Debug\moc_GenericCheckbox.cpp">
      <Filter>Generated Files\Debug</Filter>
    </ClCompile>
    <ClCompile Include="GeneratedFiles\Release\moc_GenericCheckbox.cpp">
      <Filter>Generated Files\Release</Filter>
    </ClCompile>
    <ClCompile Include="GeneratedFiles\CoreOpt\moc_GenericCheckbox.cpp">
      <Filter>Generated Files\CoreOpt</Filter>
    </ClCompile>
    <ClCompile Include="SimpleLabelListElement.cpp">
      <Filter>Source Files\CommonWidgets</Filter>
    </ClCompile>
    <ClCompile Include="GenericListFrame.cpp">
      <Filter>Source Files\CommonWidgets</Filter>
    </ClCompile>
    <ClCompile Include="GeneratedFiles\Debug\moc_GenericListFrame.cpp">
      <Filter>Generated Files\Debug</Filter>
    </ClCompile>
    <ClCompile Include="GeneratedFiles\Release\moc_GenericListFrame.cpp">
      <Filter>Generated Files\Release</Filter>
    </ClCompile>
    <ClCompile Include="GeneratedFiles\CoreOpt\moc_GenericListFrame.cpp">
      <Filter>Generated Files\CoreOpt</Filter>
    </ClCompile>
    <ClCompile Include="PropertyEditorPolymorphic.cpp">
      <Filter>Source Files\PropertyEditors</Filter>
    </ClCompile>
    <ClCompile Include="GeneratedFiles\Debug\moc_PropertyEditorPolymorphic.cpp">
      <Filter>Generated Files\Debug</Filter>
    </ClCompile>
    <ClCompile Include="GeneratedFiles\Release\moc_PropertyEditorPolymorphic.cpp">
      <Filter>Generated Files\Release</Filter>
    </ClCompile>
    <ClCompile Include="GeneratedFiles\CoreOpt\moc_PropertyEditorPolymorphic.cpp">
      <Filter>Generated Files\CoreOpt</Filter>
    </ClCompile>
    <ClCompile Include="PropertyEditorEnum.cpp">
      <Filter>Source Files\PropertyEditors</Filter>
    </ClCompile>
    <ClCompile Include="GeneratedFiles\Debug\moc_PropertyEditorEnum.cpp">
      <Filter>Generated Files\Debug</Filter>
    </ClCompile>
    <ClCompile Include="GeneratedFiles\Release\moc_PropertyEditorEnum.cpp">
      <Filter>Generated Files\Release</Filter>
    </ClCompile>
    <ClCompile Include="GeneratedFiles\CoreOpt\moc_PropertyEditorEnum.cpp">
      <Filter>Generated Files\CoreOpt</Filter>
    </ClCompile>
    <ClCompile Include="PropertyEditorList.cpp">
      <Filter>Source Files\PropertyEditors</Filter>
    </ClCompile>
    <ClCompile Include="GeneratedFiles\Debug\moc_PropertyEditorList.cpp">
      <Filter>Generated Files\Debug</Filter>
    </ClCompile>
    <ClCompile Include="GeneratedFiles\Release\moc_PropertyEditorList.cpp">
      <Filter>Generated Files\Release</Filter>
    </ClCompile>
    <ClCompile Include="GeneratedFiles\CoreOpt\moc_PropertyEditorList.cpp">
      <Filter>Generated Files\CoreOpt</Filter>
    </ClCompile>
    <ClCompile Include="DocumentValueWatcher.cpp">
      <Filter>Source Files</Filter>
    </ClCompile>
    <ClCompile Include="EntityEditor.cpp">
      <Filter>Source Files\DocumentEditors\EntityEditor</Filter>
    </ClCompile>
    <ClCompile Include="GeneratedFiles\Debug\moc_EntityEditor.cpp">
      <Filter>Generated Files\Debug</Filter>
    </ClCompile>
    <ClCompile Include="GeneratedFiles\Release\moc_EntityEditor.cpp">
      <Filter>Generated Files\Release</Filter>
    </ClCompile>
    <ClCompile Include="GeneratedFiles\CoreOpt\moc_EntityEditor.cpp">
      <Filter>Generated Files\CoreOpt</Filter>
    </ClCompile>
    <ClCompile Include="DocumentSubValueListMirror.cpp">
      <Filter>Source Files</Filter>
    </ClCompile>
    <ClCompile Include="SpriteBaseAnimationEditor.cpp">
      <Filter>Source Files\DocumentEditors\SpriteBase</Filter>
    </ClCompile>
    <ClCompile Include="GeneratedFiles\Debug\moc_SpriteBaseAnimationEditor.cpp">
      <Filter>Generated Files\Debug</Filter>
    </ClCompile>
    <ClCompile Include="GeneratedFiles\Release\moc_SpriteBaseAnimationEditor.cpp">
      <Filter>Generated Files\Release</Filter>
    </ClCompile>
    <ClCompile Include="GeneratedFiles\CoreOpt\moc_SpriteBaseAnimationEditor.cpp">
      <Filter>Generated Files\CoreOpt</Filter>
    </ClCompile>
    <ClCompile Include="SpriteBaseAnimationFrameListEditorDialog.cpp">
      <Filter>Source Files\DocumentEditors\SpriteBase</Filter>
    </ClCompile>
    <ClCompile Include="GeneratedFiles\Debug\moc_SpriteBaseAnimationFrameListEditorDialog.cpp">
      <Filter>Generated Files\Debug</Filter>
    </ClCompile>
    <ClCompile Include="GeneratedFiles\Release\moc_SpriteBaseAnimationFrameListEditorDialog.cpp">
      <Filter>Generated Files\Release</Filter>
    </ClCompile>
    <ClCompile Include="GeneratedFiles\CoreOpt\moc_SpriteBaseAnimationFrameListEditorDialog.cpp">
      <Filter>Generated Files\CoreOpt</Filter>
    </ClCompile>
    <ClCompile Include="SpriteBaseAnimationListElement.cpp">
      <Filter>Source Files\DocumentEditors\SpriteBase</Filter>
    </ClCompile>
    <ClCompile Include="GeneratedFiles\Debug\moc_SpriteBaseAnimationListElement.cpp">
      <Filter>Generated Files\Debug</Filter>
    </ClCompile>
    <ClCompile Include="GeneratedFiles\Release\moc_SpriteBaseAnimationListElement.cpp">
      <Filter>Generated Files\Release</Filter>
    </ClCompile>
    <ClCompile Include="GeneratedFiles\CoreOpt\moc_SpriteBaseAnimationListElement.cpp">
      <Filter>Generated Files\CoreOpt</Filter>
    </ClCompile>
    <ClCompile Include="SpriteBaseAnimationListFrameElement.cpp">
      <Filter>Source Files\DocumentEditors\SpriteBase</Filter>
    </ClCompile>
    <ClCompile Include="GeneratedFiles\Debug\moc_SpriteBaseAnimationListFrameElement.cpp">
      <Filter>Generated Files\Debug</Filter>
    </ClCompile>
    <ClCompile Include="GeneratedFiles\Release\moc_SpriteBaseAnimationListFrameElement.cpp">
      <Filter>Generated Files\Release</Filter>
    </ClCompile>
    <ClCompile Include="GeneratedFiles\CoreOpt\moc_SpriteBaseAnimationListFrameElement.cpp">
      <Filter>Generated Files\CoreOpt</Filter>
    </ClCompile>
    <ClCompile Include="SpriteBaseTextureEditor.cpp">
      <Filter>Source Files\DocumentEditors\SpriteBase</Filter>
    </ClCompile>
    <ClCompile Include="GeneratedFiles\Debug\moc_SpriteBaseTextureEditor.cpp">
      <Filter>Generated Files\Debug</Filter>
    </ClCompile>
    <ClCompile Include="GeneratedFiles\Release\moc_SpriteBaseTextureEditor.cpp">
      <Filter>Generated Files\Release</Filter>
    </ClCompile>
    <ClCompile Include="GeneratedFiles\CoreOpt\moc_SpriteBaseTextureEditor.cpp">
      <Filter>Generated Files\CoreOpt</Filter>
    </ClCompile>
    <ClCompile Include="SpriteBaseTextureFrameElement.cpp">
      <Filter>Source Files\DocumentEditors\SpriteBase</Filter>
    </ClCompile>
    <ClCompile Include="GeneratedFiles\Debug\moc_SpriteBaseTextureFrameElement.cpp">
      <Filter>Generated Files\Debug</Filter>
    </ClCompile>
    <ClCompile Include="GeneratedFiles\Release\moc_SpriteBaseTextureFrameElement.cpp">
      <Filter>Generated Files\Release</Filter>
    </ClCompile>
    <ClCompile Include="GeneratedFiles\CoreOpt\moc_SpriteBaseTextureFrameElement.cpp">
      <Filter>Generated Files\CoreOpt</Filter>
    </ClCompile>
    <ClCompile Include="SpriteBaseTextureFrameList.cpp">
      <Filter>Source Files\DocumentEditors\SpriteBase</Filter>
    </ClCompile>
    <ClCompile Include="GeneratedFiles\Debug\moc_SpriteBaseTextureFrameList.cpp">
      <Filter>Generated Files\Debug</Filter>
    </ClCompile>
    <ClCompile Include="GeneratedFiles\Release\moc_SpriteBaseTextureFrameList.cpp">
      <Filter>Generated Files\Release</Filter>
    </ClCompile>
    <ClCompile Include="GeneratedFiles\CoreOpt\moc_SpriteBaseTextureFrameList.cpp">
      <Filter>Generated Files\CoreOpt</Filter>
    </ClCompile>
    <ClCompile Include="SpriteBaseTextureImportDialog.cpp">
      <Filter>Source Files\DocumentEditors\SpriteBase</Filter>
    </ClCompile>
    <ClCompile Include="GeneratedFiles\Debug\moc_SpriteBaseTextureImportDialog.cpp">
      <Filter>Generated Files\Debug</Filter>
    </ClCompile>
    <ClCompile Include="GeneratedFiles\Release\moc_SpriteBaseTextureImportDialog.cpp">
      <Filter>Generated Files\Release</Filter>
    </ClCompile>
    <ClCompile Include="GeneratedFiles\CoreOpt\moc_SpriteBaseTextureImportDialog.cpp">
      <Filter>Generated Files\CoreOpt</Filter>
    </ClCompile>
    <ClCompile Include="SpriteBaseTextureLoadList.cpp">
      <Filter>Source Files\DocumentEditors\SpriteBase</Filter>
    </ClCompile>
    <ClCompile Include="SpriteBaseTimeline.cpp">
      <Filter>Source Files\DocumentEditors\SpriteBase</Filter>
    </ClCompile>
    <ClCompile Include="GeneratedFiles\Debug\moc_SpriteBaseTimeline.cpp">
      <Filter>Generated Files\Debug</Filter>
    </ClCompile>
    <ClCompile Include="GeneratedFiles\Release\moc_SpriteBaseTimeline.cpp">
      <Filter>Generated Files\Release</Filter>
    </ClCompile>
    <ClCompile Include="GeneratedFiles\CoreOpt\moc_SpriteBaseTimeline.cpp">
      <Filter>Generated Files\CoreOpt</Filter>
    </ClCompile>
    <ClCompile Include="SpriteBaseTimelineElement.cpp">
      <Filter>Source Files\DocumentEditors\SpriteBase</Filter>
    </ClCompile>
    <ClCompile Include="SpriteBaseEditor.cpp">
      <Filter>Source Files\DocumentEditors\SpriteBase</Filter>
    </ClCompile>
    <ClCompile Include="GeneratedFiles\Debug\moc_SpriteBaseEditor.cpp">
      <Filter>Generated Files\Debug</Filter>
    </ClCompile>
    <ClCompile Include="GeneratedFiles\Release\moc_SpriteBaseEditor.cpp">
      <Filter>Generated Files\Release</Filter>
    </ClCompile>
    <ClCompile Include="GeneratedFiles\CoreOpt\moc_SpriteBaseEditor.cpp">
      <Filter>Generated Files\CoreOpt</Filter>
    </ClCompile>
    <ClCompile Include="SpriteEditor.cpp">
      <Filter>Source Files\DocumentEditors\Sprite</Filter>
    </ClCompile>
    <ClCompile Include="GeneratedFiles\Debug\moc_SpriteEditor.cpp">
      <Filter>Generated Files\Debug</Filter>
    </ClCompile>
    <ClCompile Include="GeneratedFiles\Release\moc_SpriteEditor.cpp">
      <Filter>Generated Files\Release</Filter>
    </ClCompile>
    <ClCompile Include="GeneratedFiles\CoreOpt\moc_SpriteEditor.cpp">
      <Filter>Generated Files\CoreOpt</Filter>
    </ClCompile>
    <ClCompile Include="TileSheetEditor.cpp">
      <Filter>Source Files\DocumentEditors\TileSheet</Filter>
    </ClCompile>
    <ClCompile Include="GeneratedFiles\Debug\moc_TileSheetEditor.cpp">
      <Filter>Generated Files\Debug</Filter>
    </ClCompile>
    <ClCompile Include="GeneratedFiles\Release\moc_TileSheetEditor.cpp">
      <Filter>Generated Files\Release</Filter>
    </ClCompile>
    <ClCompile Include="GeneratedFiles\CoreOpt\moc_TileSheetEditor.cpp">
      <Filter>Generated Files\CoreOpt</Filter>
    </ClCompile>
    <ClCompile Include="MapEditor.cpp">
      <Filter>Source Files\DocumentEditors\MapEditor</Filter>
    </ClCompile>
    <ClCompile Include="GeneratedFiles\Debug\moc_MapEditor.cpp">
      <Filter>Generated Files\Debug</Filter>
    </ClCompile>
    <ClCompile Include="GeneratedFiles\Release\moc_MapEditor.cpp">
      <Filter>Generated Files\Release</Filter>
    </ClCompile>
    <ClCompile Include="GeneratedFiles\CoreOpt\moc_MapEditor.cpp">
      <Filter>Generated Files\CoreOpt</Filter>
    </ClCompile>
    <ClCompile Include="MapEditorLayerList.cpp">
      <Filter>Source Files\DocumentEditors\MapEditor</Filter>
    </ClCompile>
    <ClCompile Include="GeneratedFiles\Debug\moc_MapEditorLayerList.cpp">
      <Filter>Generated Files\Debug</Filter>
    </ClCompile>
    <ClCompile Include="GeneratedFiles\Release\moc_MapEditorLayerList.cpp">
      <Filter>Generated Files\Release</Filter>
    </ClCompile>
    <ClCompile Include="GeneratedFiles\CoreOpt\moc_MapEditorLayerList.cpp">
      <Filter>Generated Files\CoreOpt</Filter>
    </ClCompile>
    <ClCompile Include="MapEditorViewer.cpp">
      <Filter>Source Files\DocumentEditors\MapEditor</Filter>
    </ClCompile>
    <ClCompile Include="GeneratedFiles\Debug\moc_MapEditorViewer.cpp">
      <Filter>Generated Files\Debug</Filter>
    </ClCompile>
    <ClCompile Include="GeneratedFiles\Release\moc_MapEditorViewer.cpp">
      <Filter>Generated Files\Release</Filter>
    </ClCompile>
    <ClCompile Include="GeneratedFiles\CoreOpt\moc_MapEditorViewer.cpp">
      <Filter>Generated Files\CoreOpt</Filter>
    </ClCompile>
    <ClCompile Include="MapEditorTileSelector.cpp">
      <Filter>Source Files\DocumentEditors\MapEditor</Filter>
    </ClCompile>
    <ClCompile Include="GeneratedFiles\Debug\moc_MapEditorTileSelector.cpp">
      <Filter>Generated Files\Debug</Filter>
    </ClCompile>
    <ClCompile Include="GeneratedFiles\Release\moc_MapEditorTileSelector.cpp">
      <Filter>Generated Files\Release</Filter>
    </ClCompile>
    <ClCompile Include="GeneratedFiles\CoreOpt\moc_MapEditorTileSelector.cpp">
      <Filter>Generated Files\CoreOpt</Filter>
    </ClCompile>
    <ClCompile Include="MapEditorTileManager.cpp">
      <Filter>Source Files\DocumentEditors\MapEditor</Filter>
    </ClCompile>
    <ClCompile Include="DocumentListValueWatcher.cpp">
      <Filter>Source Files</Filter>
    </ClCompile>
    <ClCompile Include="MapEditorEntitySelector.cpp">
      <Filter>Source Files\DocumentEditors\MapEditor</Filter>
    </ClCompile>
    <ClCompile Include="GeneratedFiles\Debug\moc_MapEditorEntitySelector.cpp">
      <Filter>Generated Files\Debug</Filter>
    </ClCompile>
    <ClCompile Include="GeneratedFiles\Release\moc_MapEditorEntitySelector.cpp">
      <Filter>Generated Files\Release</Filter>
    </ClCompile>
    <ClCompile Include="GeneratedFiles\CoreOpt\moc_MapEditorEntitySelector.cpp">
      <Filter>Generated Files\CoreOpt</Filter>
    </ClCompile>
    <ClCompile Include="MapEditorSelector.cpp">
      <Filter>Source Files\DocumentEditors\MapEditor</Filter>
    </ClCompile>
    <ClCompile Include="GeneratedFiles\Debug\moc_MapEditorSelector.cpp">
      <Filter>Generated Files\Debug</Filter>
    </ClCompile>
    <ClCompile Include="GeneratedFiles\Release\moc_MapEditorSelector.cpp">
      <Filter>Generated Files\Release</Filter>
    </ClCompile>
    <ClCompile Include="GeneratedFiles\CoreOpt\moc_MapEditorSelector.cpp">
      <Filter>Generated Files\CoreOpt</Filter>
    </ClCompile>
    <ClCompile Include="MapEditorEntityManager.cpp">
      <Filter>Source Files\DocumentEditors\MapEditor</Filter>
    </ClCompile>
    <ClCompile Include="MapEditorToolManualTileLayerDraw.cpp">
      <Filter>Source Files\DocumentEditors\MapEditor\Tool</Filter>
    </ClCompile>
    <ClCompile Include="MapEditorToolBase.cpp">
      <Filter>Source Files\DocumentEditors\MapEditor\Tool</Filter>
    </ClCompile>
    <ClCompile Include="MapEditorToolEntityLayerDraw.cpp">
      <Filter>Source Files\DocumentEditors\MapEditor\Tool</Filter>
    </ClCompile>
    <ClCompile Include="MapEditorToolManualTileLayerSelect.cpp">
      <Filter>Source Files\DocumentEditors\MapEditor\Tool</Filter>
    </ClCompile>
    <ClCompile Include="MapEditorToolEntityLayerSelect.cpp">
      <Filter>Source Files\DocumentEditors\MapEditor\Tool</Filter>
    </ClCompile>
    <ClCompile Include="MapEditorParalaxLayer.cpp">
      <Filter>Source Files\DocumentEditors\MapEditor</Filter>
    </ClCompile>
    <ClCompile Include="FrameEditorSingleBox.cpp">
      <Filter>Source Files\DocumentEditors\FrameEditor</Filter>
    </ClCompile>
    <ClCompile Include="GeneratedFiles\Debug\moc_FrameEditorSingleBox.cpp">
      <Filter>Generated Files\Debug</Filter>
    </ClCompile>
    <ClCompile Include="GeneratedFiles\Release\moc_FrameEditorSingleBox.cpp">
      <Filter>Generated Files\Release</Filter>
    </ClCompile>
    <ClCompile Include="GeneratedFiles\CoreOpt\moc_FrameEditorSingleBox.cpp">
      <Filter>Generated Files\CoreOpt</Filter>
    </ClCompile>
    <ClCompile Include="FrameEditorContainer.cpp">
      <Filter>Source Files\DocumentEditors\FrameEditor</Filter>
    </ClCompile>
    <ClCompile Include="GeneratedFiles\Debug\moc_FrameEditorContainer.cpp">
      <Filter>Generated Files\Debug</Filter>
    </ClCompile>
    <ClCompile Include="GeneratedFiles\Release\moc_FrameEditorContainer.cpp">
      <Filter>Generated Files\Release</Filter>
    </ClCompile>
    <ClCompile Include="GeneratedFiles\CoreOpt\moc_FrameEditorContainer.cpp">
      <Filter>Generated Files\CoreOpt</Filter>
    </ClCompile>
    <ClCompile Include="FrameEditorBase.cpp">
      <Filter>Source Files\DocumentEditors\FrameEditor</Filter>
    </ClCompile>
    <ClCompile Include="GeneratedFiles\Debug\moc_FrameEditorBase.cpp">
      <Filter>Generated Files\Debug</Filter>
    </ClCompile>
    <ClCompile Include="GeneratedFiles\Release\moc_FrameEditorBase.cpp">
      <Filter>Generated Files\Release</Filter>
    </ClCompile>
    <ClCompile Include="GeneratedFiles\CoreOpt\moc_FrameEditorBase.cpp">
      <Filter>Generated Files\CoreOpt</Filter>
    </ClCompile>
    <ClCompile Include="FrameEditorUtil.cpp">
      <Filter>Source Files\DocumentEditors\FrameEditor</Filter>
    </ClCompile>
    <ClCompile Include="FrameEditorSingleLine.cpp">
      <Filter>Source Files\DocumentEditors\FrameEditor</Filter>
    </ClCompile>
    <ClCompile Include="GeneratedFiles\Debug\moc_FrameEditorSingleLine.cpp">
      <Filter>Generated Files\Debug</Filter>
    </ClCompile>
    <ClCompile Include="GeneratedFiles\Release\moc_FrameEditorSingleLine.cpp">
      <Filter>Generated Files\Release</Filter>
    </ClCompile>
    <ClCompile Include="GeneratedFiles\CoreOpt\moc_FrameEditorSingleLine.cpp">
      <Filter>Generated Files\CoreOpt</Filter>
    </ClCompile>
    <ClCompile Include="MapEditorVolume.cpp">
      <Filter>Source Files\DocumentEditors\MapEditor</Filter>
    </ClCompile>
    <ClCompile Include="DrawUtil.cpp">
      <Filter>Source Files\Utility</Filter>
    </ClCompile>
    <ClCompile Include="MapEditorToolVolumeCreate.cpp">
      <Filter>Source Files\DocumentEditors\MapEditor\Tool</Filter>
    </ClCompile>
    <ClCompile Include="MapEditorToolVolumeEditor.cpp">
      <Filter>Source Files\DocumentEditors\MapEditor\Tool</Filter>
    </ClCompile>
    <ClCompile Include="MapEditorPath.cpp">
      <Filter>Source Files\DocumentEditors\MapEditor</Filter>
    </ClCompile>
    <ClCompile Include="MapEditorToolPathCreate.cpp">
      <Filter>Source Files\DocumentEditors\MapEditor\Tool</Filter>
    </ClCompile>
    <ClCompile Include="MapEditorToolPathEditor.cpp">
      <Filter>Source Files\DocumentEditors\MapEditor\Tool</Filter>
    </ClCompile>
    <ClCompile Include="FrameEditorMultiBox.cpp">
      <Filter>Source Files\DocumentEditors\FrameEditor</Filter>
    </ClCompile>
    <ClCompile Include="GeneratedFiles\Debug\moc_FrameEditorMultiBox.cpp">
      <Filter>Generated Files\Debug</Filter>
    </ClCompile>
    <ClCompile Include="GeneratedFiles\Release\moc_FrameEditorMultiBox.cpp">
      <Filter>Generated Files\Release</Filter>
    </ClCompile>
    <ClCompile Include="GeneratedFiles\CoreOpt\moc_FrameEditorMultiBox.cpp">
      <Filter>Generated Files\CoreOpt</Filter>
    </ClCompile>
    <ClCompile Include="GameServerWidget.cpp">
      <Filter>Source Files</Filter>
    </ClCompile>
    <ClCompile Include="GameClientWidget.cpp">
      <Filter>Source Files</Filter>
    </ClCompile>
    <ClCompile Include="GeneratedFiles\Debug\moc_GameClientWidget.cpp">
      <Filter>Generated Files\Debug</Filter>
    </ClCompile>
    <ClCompile Include="GeneratedFiles\Debug\moc_GameServerWidget.cpp">
      <Filter>Generated Files\Debug</Filter>
    </ClCompile>
    <ClCompile Include="GeneratedFiles\Release\moc_GameClientWidget.cpp">
      <Filter>Generated Files\Release</Filter>
    </ClCompile>
    <ClCompile Include="GeneratedFiles\CoreOpt\moc_GameClientWidget.cpp">
      <Filter>Generated Files\CoreOpt</Filter>
    </ClCompile>
    <ClCompile Include="GeneratedFiles\Release\moc_GameServerWidget.cpp">
      <Filter>Generated Files\Release</Filter>
    </ClCompile>
    <ClCompile Include="GeneratedFiles\CoreOpt\moc_GameServerWidget.cpp">
      <Filter>Generated Files\CoreOpt</Filter>
    </ClCompile>
    <ClCompile Include="GameHostWidget.cpp">
      <Filter>Source Files</Filter>
    </ClCompile>
    <ClCompile Include="GeneratedFiles\FinalStatic\moc_GameHostWidget.cpp">
      <Filter>Generated Files\FinalStatic</Filter>
    </ClCompile>
    <ClCompile Include="GeneratedFiles\Debug\moc_GameHostWidget.cpp">
      <Filter>Generated Files\Debug</Filter>
    </ClCompile>
    <ClCompile Include="GeneratedFiles\Release\moc_GameHostWidget.cpp">
      <Filter>Generated Files\Release</Filter>
    </ClCompile>
    <ClCompile Include="GeneratedFiles\CoreOpt\moc_GameHostWidget.cpp">
      <Filter>Generated Files\CoreOpt</Filter>
    </ClCompile>
    <ClCompile Include="SelectFromListDialog.cpp">
      <Filter>Source Files</Filter>
    </ClCompile>
    <ClCompile Include="GeneratedFiles\FinalStatic\moc_SelectFromListDialog.cpp">
      <Filter>Generated Files\FinalStatic</Filter>
    </ClCompile>
    <ClCompile Include="GeneratedFiles\Debug\moc_SelectFromListDialog.cpp">
      <Filter>Generated Files\Debug</Filter>
    </ClCompile>
    <ClCompile Include="GeneratedFiles\Release\moc_SelectFromListDialog.cpp">
      <Filter>Generated Files\Release</Filter>
    </ClCompile>
    <ClCompile Include="GeneratedFiles\CoreOpt\moc_SelectFromListDialog.cpp">
      <Filter>Generated Files\CoreOpt</Filter>
    </ClCompile>
    <ClCompile Include="ConfigEditor.cpp">
      <Filter>Source Files\DocumentEditors\ConfigEditor</Filter>
    </ClCompile>
    <ClCompile Include="GeneratedFiles\FinalStatic\moc_ConfigEditor.cpp">
      <Filter>Generated Files\FinalStatic</Filter>
    </ClCompile>
    <ClCompile Include="GeneratedFiles\Debug\moc_ConfigEditor.cpp">
      <Filter>Generated Files\Debug</Filter>
    </ClCompile>
    <ClCompile Include="GeneratedFiles\Release\moc_ConfigEditor.cpp">
      <Filter>Generated Files\Release</Filter>
    </ClCompile>
    <ClCompile Include="GeneratedFiles\CoreOpt\moc_ConfigEditor.cpp">
      <Filter>Generated Files\CoreOpt</Filter>
    </ClCompile>
    <ClCompile Include="DocumentEditorConfig.cpp">
      <Filter>Source Files</Filter>
    </ClCompile>
    <ClCompile Include="MapEditorEffectLayer.cpp">
      <Filter>Source Files\DocumentEditors\MapEditor</Filter>
    </ClCompile>
    <ClCompile Include="MapEditorToolPathMultiEditor.cpp">
      <Filter>Source Files\DocumentEditors\MapEditor\Tool</Filter>
    </ClCompile>
    <ClCompile Include="MapEditorToolVolumeMultiEditor.cpp">
      <Filter>Source Files\DocumentEditors\MapEditor\Tool</Filter>
    </ClCompile>
    <ClCompile Include="FrameEditorLowerEdge.cpp">
      <Filter>Source Files\DocumentEditors\FrameEditor</Filter>
    </ClCompile>
    <ClCompile Include="GeneratedFiles\FinalStatic\moc_FrameEditorLowerEdge.cpp">
      <Filter>Generated Files\FinalStatic</Filter>
    </ClCompile>
    <ClCompile Include="GeneratedFiles\Debug\moc_FrameEditorLowerEdge.cpp">
      <Filter>Generated Files\Debug</Filter>
    </ClCompile>
    <ClCompile Include="GeneratedFiles\Release\moc_FrameEditorLowerEdge.cpp">
      <Filter>Generated Files\Release</Filter>
    </ClCompile>
    <ClCompile Include="GeneratedFiles\CoreOpt\moc_FrameEditorLowerEdge.cpp">
      <Filter>Generated Files\CoreOpt</Filter>
    </ClCompile>
    <ClCompile Include="MapEditorAnchor.cpp">
      <Filter>Source Files\DocumentEditors\MapEditor</Filter>
    </ClCompile>
    <ClCompile Include="MapEditorToolAnchorCreate.cpp">
      <Filter>Source Files\DocumentEditors\MapEditor\Tool</Filter>
    </ClCompile>
    <ClCompile Include="MapEditorToolAnchorEditor.cpp">
      <Filter>Source Files\DocumentEditors\MapEditor\Tool</Filter>
    </ClCompile>
    <ClCompile Include="MapEditorToolAnchorMultiEditor.cpp">
      <Filter>Source Files\DocumentEditors\MapEditor\Tool</Filter>
    </ClCompile>
    <ClCompile Include="UIEditor.cpp">
      <Filter>Source Files\DocumentEditors\UIEditor</Filter>
    </ClCompile>
    <ClCompile Include="GeneratedFiles\FinalStatic\moc_UIEditor.cpp">
      <Filter>Generated Files\FinalStatic</Filter>
    </ClCompile>
    <ClCompile Include="GeneratedFiles\Debug\moc_UIEditor.cpp">
      <Filter>Generated Files\Debug</Filter>
    </ClCompile>
    <ClCompile Include="GeneratedFiles\Release\moc_UIEditor.cpp">
      <Filter>Generated Files\Release</Filter>
    </ClCompile>
    <ClCompile Include="GeneratedFiles\CoreOpt\moc_UIEditor.cpp">
      <Filter>Generated Files\CoreOpt</Filter>
    </ClCompile>
    <ClCompile Include="UIEditorNodeList.cpp">
      <Filter>Source Files\DocumentEditors\UIEditor</Filter>
    </ClCompile>
    <ClCompile Include="GeneratedFiles\FinalStatic\moc_UIEditorNodeList.cpp">
      <Filter>Generated Files\FinalStatic</Filter>
    </ClCompile>
    <ClCompile Include="GeneratedFiles\Debug\moc_UIEditorNodeList.cpp">
      <Filter>Generated Files\Debug</Filter>
    </ClCompile>
    <ClCompile Include="GeneratedFiles\Release\moc_UIEditorNodeList.cpp">
      <Filter>Generated Files\Release</Filter>
    </ClCompile>
    <ClCompile Include="GeneratedFiles\CoreOpt\moc_UIEditorNodeList.cpp">
      <Filter>Generated Files\CoreOpt</Filter>
    </ClCompile>
    <ClCompile Include="UIEditorViewer.cpp">
      <Filter>Source Files\DocumentEditors\UIEditor</Filter>
    </ClCompile>
    <ClCompile Include="GeneratedFiles\FinalStatic\moc_UIEditorViewer.cpp">
      <Filter>Generated Files\FinalStatic</Filter>
    </ClCompile>
    <ClCompile Include="GeneratedFiles\Debug\moc_UIEditorViewer.cpp">
      <Filter>Generated Files\Debug</Filter>
    </ClCompile>
    <ClCompile Include="GeneratedFiles\Release\moc_UIEditorViewer.cpp">
      <Filter>Generated Files\Release</Filter>
    </ClCompile>
    <ClCompile Include="GeneratedFiles\CoreOpt\moc_UIEditorViewer.cpp">
      <Filter>Generated Files\CoreOpt</Filter>
    </ClCompile>
    <ClCompile Include="UIEquationEditor.cpp">
      <Filter>Source Files\DocumentEditors\UIEditor</Filter>
    </ClCompile>
    <ClCompile Include="GeneratedFiles\FinalStatic\moc_UIEquationEditor.cpp">
      <Filter>Generated Files\FinalStatic</Filter>
    </ClCompile>
    <ClCompile Include="GeneratedFiles\Debug\moc_UIEquationEditor.cpp">
      <Filter>Generated Files\Debug</Filter>
    </ClCompile>
    <ClCompile Include="GeneratedFiles\Release\moc_UIEquationEditor.cpp">
      <Filter>Generated Files\Release</Filter>
    </ClCompile>
    <ClCompile Include="GeneratedFiles\CoreOpt\moc_UIEquationEditor.cpp">
      <Filter>Generated Files\CoreOpt</Filter>
    </ClCompile>
    <ClCompile Include="UIEditorPropertyContainer.cpp">
      <Filter>Source Files\DocumentEditors\UIEditor</Filter>
    </ClCompile>
    <ClCompile Include="GeneratedFiles\FinalStatic\moc_UIEditorPropertyContainer.cpp">
      <Filter>Generated Files\FinalStatic</Filter>
    </ClCompile>
    <ClCompile Include="GeneratedFiles\Debug\moc_UIEditorPropertyContainer.cpp">
      <Filter>Generated Files\Debug</Filter>
    </ClCompile>
    <ClCompile Include="GeneratedFiles\Release\moc_UIEditorPropertyContainer.cpp">
      <Filter>Generated Files\Release</Filter>
    </ClCompile>
    <ClCompile Include="GeneratedFiles\CoreOpt\moc_UIEditorPropertyContainer.cpp">
      <Filter>Generated Files\CoreOpt</Filter>
    </ClCompile>
    <ClCompile Include="UIEditorEquationList.cpp">
      <Filter>Source Files\DocumentEditors\UIEditor</Filter>
    </ClCompile>
    <ClCompile Include="GeneratedFiles\FinalStatic\moc_UIEditorEquationList.cpp">
      <Filter>Generated Files\FinalStatic</Filter>
    </ClCompile>
    <ClCompile Include="GeneratedFiles\Debug\moc_UIEditorEquationList.cpp">
      <Filter>Generated Files\Debug</Filter>
    </ClCompile>
    <ClCompile Include="GeneratedFiles\Release\moc_UIEditorEquationList.cpp">
      <Filter>Generated Files\Release</Filter>
    </ClCompile>
    <ClCompile Include="GeneratedFiles\CoreOpt\moc_UIEditorEquationList.cpp">
      <Filter>Generated Files\CoreOpt</Filter>
    </ClCompile>
    <ClCompile Include="UIEditorOutputEquationList.cpp">
      <Filter>Source Files\DocumentEditors\UIEditor</Filter>
    </ClCompile>
    <ClCompile Include="GeneratedFiles\FinalStatic\moc_UIEditorOutputEquationList.cpp">
      <Filter>Generated Files\FinalStatic</Filter>
    </ClCompile>
    <ClCompile Include="GeneratedFiles\Debug\moc_UIEditorOutputEquationList.cpp">
      <Filter>Generated Files\Debug</Filter>
    </ClCompile>
    <ClCompile Include="GeneratedFiles\Release\moc_UIEditorOutputEquationList.cpp">
      <Filter>Generated Files\Release</Filter>
    </ClCompile>
    <ClCompile Include="GeneratedFiles\CoreOpt\moc_UIEditorOutputEquationList.cpp">
      <Filter>Generated Files\CoreOpt</Filter>
    </ClCompile>
    <ClCompile Include="UIOutputEquationEditor.cpp">
      <Filter>Source Files\DocumentEditors\UIEditor</Filter>
    </ClCompile>
    <ClCompile Include="GeneratedFiles\FinalStatic\moc_UIOutputEquationEditor.cpp">
      <Filter>Generated Files\FinalStatic</Filter>
    </ClCompile>
    <ClCompile Include="GeneratedFiles\Debug\moc_UIOutputEquationEditor.cpp">
      <Filter>Generated Files\Debug</Filter>
    </ClCompile>
    <ClCompile Include="GeneratedFiles\Release\moc_UIOutputEquationEditor.cpp">
      <Filter>Generated Files\Release</Filter>
    </ClCompile>
    <ClCompile Include="GeneratedFiles\CoreOpt\moc_UIOutputEquationEditor.cpp">
      <Filter>Generated Files\CoreOpt</Filter>
    </ClCompile>
    <ClCompile Include="VisualEffectEditor.cpp">
      <Filter>Source Files\DocumentEditors\VisualEffectEditor</Filter>
    </ClCompile>
    <ClCompile Include="GeneratedFiles\FinalStatic\moc_VisualEffectEditor.cpp">
      <Filter>Generated Files\FinalStatic</Filter>
    </ClCompile>
    <ClCompile Include="VisualEffectEditorNodeList.cpp">
      <Filter>Source Files\DocumentEditors\VisualEffectEditor</Filter>
    </ClCompile>
    <ClCompile Include="GeneratedFiles\FinalStatic\moc_VisualEffectEditorNodeList.cpp">
      <Filter>Generated Files\FinalStatic</Filter>
    </ClCompile>
    <ClCompile Include="GeneratedFiles\Debug\moc_VisualEffectEditorNodeList.cpp">
      <Filter>Generated Files\Debug</Filter>
    </ClCompile>
    <ClCompile Include="GeneratedFiles\Release\moc_VisualEffectEditorNodeList.cpp">
      <Filter>Generated Files\Release</Filter>
    </ClCompile>
    <ClCompile Include="GeneratedFiles\CoreOpt\moc_VisualEffectEditorNodeList.cpp">
      <Filter>Generated Files\CoreOpt</Filter>
    </ClCompile>
    <ClCompile Include="VisualEffectEditorViewer.cpp">
      <Filter>Source Files\DocumentEditors\VisualEffectEditor</Filter>
    </ClCompile>
    <ClCompile Include="VisualEffectEditorPropertyContainer.cpp">
      <Filter>Source Files\DocumentEditors\VisualEffectEditor</Filter>
    </ClCompile>
    <ClCompile Include="VisualEffectEditorEquationList.cpp">
      <Filter>Source Files\DocumentEditors\VisualEffectEditor</Filter>
    </ClCompile>
    <ClCompile Include="VisualEffectEquationEditor.cpp">
      <Filter>Source Files\DocumentEditors\VisualEffectEditor</Filter>
    </ClCompile>
    <ClCompile Include="GeneratedFiles\FinalStatic\moc_VisualEffectEquationEditor.cpp">
      <Filter>Generated Files\FinalStatic</Filter>
    </ClCompile>
    <ClCompile Include="GeneratedFiles\FinalStatic\moc_VisualEffectEditorEquationList.cpp">
      <Filter>Generated Files\FinalStatic</Filter>
    </ClCompile>
    <ClCompile Include="GeneratedFiles\FinalStatic\moc_VisualEffectEditorPropertyContainer.cpp">
      <Filter>Generated Files\FinalStatic</Filter>
    </ClCompile>
    <ClCompile Include="GeneratedFiles\FinalStatic\moc_VisualEffectEditorViewer.cpp">
      <Filter>Generated Files\FinalStatic</Filter>
    </ClCompile>
    <ClCompile Include="GeneratedFiles\Debug\moc_VisualEffectEquationEditor.cpp">
      <Filter>Generated Files\Debug</Filter>
    </ClCompile>
    <ClCompile Include="GeneratedFiles\Release\moc_VisualEffectEquationEditor.cpp">
      <Filter>Generated Files\Release</Filter>
    </ClCompile>
    <ClCompile Include="GeneratedFiles\CoreOpt\moc_VisualEffectEquationEditor.cpp">
      <Filter>Generated Files\CoreOpt</Filter>
    </ClCompile>
    <ClCompile Include="GeneratedFiles\Debug\moc_VisualEffectEditorEquationList.cpp">
      <Filter>Generated Files\Debug</Filter>
    </ClCompile>
    <ClCompile Include="GeneratedFiles\Release\moc_VisualEffectEditorEquationList.cpp">
      <Filter>Generated Files\Release</Filter>
    </ClCompile>
    <ClCompile Include="GeneratedFiles\CoreOpt\moc_VisualEffectEditorEquationList.cpp">
      <Filter>Generated Files\CoreOpt</Filter>
    </ClCompile>
    <ClCompile Include="GeneratedFiles\Debug\moc_VisualEffectEditor.cpp">
      <Filter>Generated Files\Debug</Filter>
    </ClCompile>
    <ClCompile Include="GeneratedFiles\Release\moc_VisualEffectEditor.cpp">
      <Filter>Generated Files\Release</Filter>
    </ClCompile>
    <ClCompile Include="GeneratedFiles\CoreOpt\moc_VisualEffectEditor.cpp">
      <Filter>Generated Files\CoreOpt</Filter>
    </ClCompile>
    <ClCompile Include="GeneratedFiles\Debug\moc_VisualEffectEditorPropertyContainer.cpp">
      <Filter>Generated Files\Debug</Filter>
    </ClCompile>
    <ClCompile Include="GeneratedFiles\Release\moc_VisualEffectEditorPropertyContainer.cpp">
      <Filter>Generated Files\Release</Filter>
    </ClCompile>
    <ClCompile Include="GeneratedFiles\CoreOpt\moc_VisualEffectEditorPropertyContainer.cpp">
      <Filter>Generated Files\CoreOpt</Filter>
    </ClCompile>
    <ClCompile Include="GeneratedFiles\Debug\moc_VisualEffectEditorViewer.cpp">
      <Filter>Generated Files\Debug</Filter>
    </ClCompile>
    <ClCompile Include="GeneratedFiles\Release\moc_VisualEffectEditorViewer.cpp">
      <Filter>Generated Files\Release</Filter>
    </ClCompile>
    <ClCompile Include="GeneratedFiles\CoreOpt\moc_VisualEffectEditorViewer.cpp">
      <Filter>Generated Files\CoreOpt</Filter>
    </ClCompile>
    <ClCompile Include="DrawUtilQt.cpp">
      <Filter>Source Files\Utility</Filter>
    </ClCompile>
    <ClCompile Include="MapEditorToolManualTileLayerPreview.cpp">
      <Filter>Source Files\DocumentEditors\MapEditor\Tool</Filter>
    </ClCompile>
    <ClCompile Include="SpriteBaseAnimationEventEditorDialog.cpp">
      <Filter>Source Files\DocumentEditors\SpriteBase</Filter>
    </ClCompile>
    <ClCompile Include="GeneratedFiles\FinalStatic\moc_SpriteBaseAnimationEventEditorDialog.cpp">
      <Filter>Generated Files\FinalStatic</Filter>
    </ClCompile>
    <ClCompile Include="GeneratedFiles\Debug\moc_SpriteBaseAnimationEventEditorDialog.cpp">
      <Filter>Generated Files\Debug</Filter>
    </ClCompile>
    <ClCompile Include="GeneratedFiles\Release\moc_SpriteBaseAnimationEventEditorDialog.cpp">
      <Filter>Generated Files\Release</Filter>
    </ClCompile>
    <ClCompile Include="GeneratedFiles\CoreOpt\moc_SpriteBaseAnimationEventEditorDialog.cpp">
      <Filter>Generated Files\CoreOpt</Filter>
    </ClCompile>
    <ClCompile Include="SpriteBaseFrameDisplay.cpp">
      <Filter>Source Files\DocumentEditors\SpriteBase</Filter>
    </ClCompile>
    <ClCompile Include="GeneratedFiles\FinalStatic\moc_SpriteBaseFrameDisplay.cpp">
      <Filter>Generated Files\FinalStatic</Filter>
    </ClCompile>
    <ClCompile Include="GeneratedFiles\Debug\moc_SpriteBaseFrameDisplay.cpp">
      <Filter>Generated Files\Debug</Filter>
    </ClCompile>
    <ClCompile Include="GeneratedFiles\Release\moc_SpriteBaseFrameDisplay.cpp">
      <Filter>Generated Files\Release</Filter>
    </ClCompile>
    <ClCompile Include="GeneratedFiles\CoreOpt\moc_SpriteBaseFrameDisplay.cpp">
      <Filter>Generated Files\CoreOpt</Filter>
    </ClCompile>
    <ClCompile Include="SpriteBaseSkinEditor.cpp">
      <Filter>Source Files\DocumentEditors\SpriteBase</Filter>
    </ClCompile>
    <ClCompile Include="SpriteBaseSkinListElement.cpp">
      <Filter>Source Files\DocumentEditors\SpriteBase</Filter>
    </ClCompile>
    <ClCompile Include="SpriteBaseSkinListTextureElement.cpp">
      <Filter>Source Files\DocumentEditors\SpriteBase</Filter>
    </ClCompile>
    <ClCompile Include="GeneratedFiles\FinalStatic\moc_SpriteBaseSkinListTextureElement.cpp">
      <Filter>Generated Files\FinalStatic</Filter>
    </ClCompile>
    <ClCompile Include="GeneratedFiles\Debug\moc_SpriteBaseSkinListTextureElement.cpp">
      <Filter>Generated Files\Debug</Filter>
    </ClCompile>
    <ClCompile Include="GeneratedFiles\Release\moc_SpriteBaseSkinListTextureElement.cpp">
      <Filter>Generated Files\Release</Filter>
    </ClCompile>
    <ClCompile Include="GeneratedFiles\CoreOpt\moc_SpriteBaseSkinListTextureElement.cpp">
      <Filter>Generated Files\CoreOpt</Filter>
    </ClCompile>
    <ClCompile Include="GeneratedFiles\FinalStatic\moc_SpriteBaseSkinListElement.cpp">
      <Filter>Generated Files\FinalStatic</Filter>
    </ClCompile>
    <ClCompile Include="GeneratedFiles\Debug\moc_SpriteBaseSkinListElement.cpp">
      <Filter>Generated Files\Debug</Filter>
    </ClCompile>
    <ClCompile Include="GeneratedFiles\Release\moc_SpriteBaseSkinListElement.cpp">
      <Filter>Generated Files\Release</Filter>
    </ClCompile>
    <ClCompile Include="GeneratedFiles\CoreOpt\moc_SpriteBaseSkinListElement.cpp">
      <Filter>Generated Files\CoreOpt</Filter>
    </ClCompile>
    <ClCompile Include="GeneratedFiles\FinalStatic\moc_SpriteBaseSkinEditor.cpp">
      <Filter>Generated Files\FinalStatic</Filter>
    </ClCompile>
    <ClCompile Include="GeneratedFiles\Debug\moc_SpriteBaseSkinEditor.cpp">
      <Filter>Generated Files\Debug</Filter>
    </ClCompile>
    <ClCompile Include="GeneratedFiles\Release\moc_SpriteBaseSkinEditor.cpp">
      <Filter>Generated Files\Release</Filter>
    </ClCompile>
    <ClCompile Include="GeneratedFiles\CoreOpt\moc_SpriteBaseSkinEditor.cpp">
      <Filter>Generated Files\CoreOpt</Filter>
    </ClCompile>
    <ClCompile Include="MapEditorServerObjectManager.cpp">
      <Filter>Source Files\DocumentEditors\MapEditor</Filter>
    </ClCompile>
    <ClCompile Include="MapEditorToolServerObjectLayerDraw.cpp">
      <Filter>Source Files\DocumentEditors\MapEditor\Tool</Filter>
    </ClCompile>
    <ClCompile Include="MapEditorToolServerObjectLayerSelect.cpp">
      <Filter>Source Files\DocumentEditors\MapEditor\Tool</Filter>
    </ClCompile>
    <ClCompile Include="MapEditorServerObjectSelector.cpp">
      <Filter>Source Files\DocumentEditors\MapEditor</Filter>
    </ClCompile>
    <ClCompile Include="GeneratedFiles\FinalStatic\moc_MapEditorServerObjectSelector.cpp">
      <Filter>Generated Files\FinalStatic</Filter>
    </ClCompile>
    <ClCompile Include="GeneratedFiles\Debug\moc_MapEditorServerObjectSelector.cpp">
      <Filter>Generated Files\Debug</Filter>
    </ClCompile>
    <ClCompile Include="GeneratedFiles\Release\moc_MapEditorServerObjectSelector.cpp">
      <Filter>Generated Files\Release</Filter>
    </ClCompile>
    <ClCompile Include="GeneratedFiles\CoreOpt\moc_MapEditorServerObjectSelector.cpp">
      <Filter>Generated Files\CoreOpt</Filter>
    </ClCompile>
    <ClCompile Include="ServerObjectEditor.cpp">
      <Filter>Source Files\DocumentEditors\ServerObjectEditor</Filter>
    </ClCompile>
    <ClCompile Include="GeneratedFiles\FinalStatic\moc_ServerObjectEditor.cpp">
      <Filter>Generated Files\FinalStatic</Filter>
    </ClCompile>
    <ClCompile Include="GeneratedFiles\Debug\moc_ServerObjectEditor.cpp">
      <Filter>Generated Files\Debug</Filter>
    </ClCompile>
    <ClCompile Include="GeneratedFiles\Release\moc_ServerObjectEditor.cpp">
      <Filter>Generated Files\Release</Filter>
    </ClCompile>
    <ClCompile Include="GeneratedFiles\CoreOpt\moc_ServerObjectEditor.cpp">
      <Filter>Generated Files\CoreOpt</Filter>
    </ClCompile>
    <ClCompile Include="MapEditorParalaxObjectSelector.cpp">
      <Filter>Source Files\DocumentEditors\MapEditor</Filter>
    </ClCompile>
    <ClCompile Include="GeneratedFiles\FinalStatic\moc_MapEditorParalaxObjectSelector.cpp">
      <Filter>Generated Files\FinalStatic</Filter>
    </ClCompile>
    <ClCompile Include="GeneratedFiles\Debug\moc_MapEditorParalaxObjectSelector.cpp">
      <Filter>Generated Files\Debug</Filter>
    </ClCompile>
    <ClCompile Include="GeneratedFiles\Release\moc_MapEditorParalaxObjectSelector.cpp">
      <Filter>Generated Files\Release</Filter>
    </ClCompile>
    <ClCompile Include="GeneratedFiles\CoreOpt\moc_MapEditorParalaxObjectSelector.cpp">
      <Filter>Generated Files\CoreOpt</Filter>
    </ClCompile>
    <ClCompile Include="MapEditorToolParalaxObjectLayerDraw.cpp">
      <Filter>Source Files\DocumentEditors\MapEditor\Tool</Filter>
    </ClCompile>
    <ClCompile Include="MapEditorToolParalaxObjectLayerSelect.cpp">
      <Filter>Source Files\DocumentEditors\MapEditor\Tool</Filter>
    </ClCompile>
    <ClCompile Include="MapEditorTypes.refl.cpp">
      <Filter>Source Files\DocumentEditors\MapEditor</Filter>
    </ClCompile>
    <ClCompile Include="MapEditorToolAllLayers.cpp">
      <Filter>Source Files\DocumentEditors\MapEditor\Tool</Filter>
    </ClCompile>
  </ItemGroup>
  <ItemGroup>
    <CustomBuild Include="EditorContainer.ui">
      <Filter>Form Files</Filter>
    </CustomBuild>
    <CustomBuild Include="EditorContainer.qrc">
      <Filter>Resource Files</Filter>
    </CustomBuild>
    <CustomBuild Include="EditorContainer.h">
      <Filter>Source Files</Filter>
    </CustomBuild>
    <CustomBuild Include="ConnectingDialog.ui">
      <Filter>Form Files</Filter>
    </CustomBuild>
    <CustomBuild Include="ConnectingDialog.h">
      <Filter>Source Files</Filter>
    </CustomBuild>
    <CustomBuild Include="DocumentEditorBase.h">
      <Filter>Source Files</Filter>
    </CustomBuild>
    <CustomBuild Include="DocumentEditorWidgetBase.h">
      <Filter>Source Files</Filter>
    </CustomBuild>
    <CustomBuild Include="GenericInput.h">
      <Filter>Source Files\CommonWidgets</Filter>
    </CustomBuild>
    <CustomBuild Include="TextureViewerWidget.h">
      <Filter>Source Files\CommonWidgets</Filter>
    </CustomBuild>
    <CustomBuild Include="GenericList.h">
      <Filter>Source Files\CommonWidgets</Filter>
    </CustomBuild>
    <CustomBuild Include="ScrollingPanel.h">
      <Filter>Source Files\CommonWidgets</Filter>
    </CustomBuild>
    <CustomBuild Include="AudioViewer.h">
      <Filter>Source Files\AssetViewers</Filter>
    </CustomBuild>
    <CustomBuild Include="FontViewer.h">
      <Filter>Source Files\AssetViewers</Filter>
    </CustomBuild>
    <CustomBuild Include="TextureViewer.h">
      <Filter>Source Files\AssetViewers</Filter>
    </CustomBuild>
    <CustomBuild Include="PropertyEditorString.h">
      <Filter>Source Files\PropertyEditors</Filter>
    </CustomBuild>
    <CustomBuild Include="PropertyEditorStruct.h">
      <Filter>Source Files\PropertyEditors</Filter>
    </CustomBuild>
    <CustomBuild Include="PropertyEditor.h">
      <Filter>Source Files\PropertyEditors</Filter>
    </CustomBuild>
    <CustomBuild Include="PropertyEditorNumber.h">
      <Filter>Source Files\PropertyEditors</Filter>
    </CustomBuild>
    <CustomBuild Include="PropertyEditorFile.h">
      <Filter>Source Files\PropertyEditors</Filter>
    </CustomBuild>
    <CustomBuild Include="GenericFrame.h">
      <Filter>Source Files\CommonWidgets</Filter>
    </CustomBuild>
    <CustomBuild Include="PropertyEditorBool.h">
      <Filter>Source Files\PropertyEditors</Filter>
    </CustomBuild>
    <CustomBuild Include="GenericCheckbox.h">
      <Filter>Source Files\CommonWidgets</Filter>
    </CustomBuild>
    <CustomBuild Include="SimpleLabelList.h">
      <Filter>Source Files\CommonWidgets</Filter>
    </CustomBuild>
    <CustomBuild Include="GenericListFrame.h">
      <Filter>Source Files\CommonWidgets</Filter>
    </CustomBuild>
    <CustomBuild Include="SpriteTextureImportDialog.ui">
      <Filter>Form Files</Filter>
    </CustomBuild>
    <CustomBuild Include="PropertyEditorPolymorphic.h">
      <Filter>Source Files\PropertyEditors</Filter>
    </CustomBuild>
    <CustomBuild Include="PropertyEditorEnum.h">
      <Filter>Source Files\PropertyEditors</Filter>
    </CustomBuild>
    <CustomBuild Include="PropertyEditorList.h">
      <Filter>Source Files\PropertyEditors</Filter>
    </CustomBuild>
    <CustomBuild Include="EntityEditor.h">
      <Filter>Source Files\DocumentEditors\EntityEditor</Filter>
    </CustomBuild>
    <CustomBuild Include="AnimationFrameEditor.ui">
      <Filter>Form Files</Filter>
    </CustomBuild>
    <CustomBuild Include="SpriteBaseAnimationEditor.h">
      <Filter>Source Files\DocumentEditors\SpriteBase</Filter>
    </CustomBuild>
    <CustomBuild Include="SpriteBaseAnimationFrameListEditorDialog.h">
      <Filter>Source Files\DocumentEditors\SpriteBase</Filter>
    </CustomBuild>
    <CustomBuild Include="SpriteBaseAnimationListElement.h">
      <Filter>Source Files\DocumentEditors\SpriteBase</Filter>
    </CustomBuild>
    <CustomBuild Include="SpriteBaseAnimationListFrameElement.h">
      <Filter>Source Files\DocumentEditors\SpriteBase</Filter>
    </CustomBuild>
    <CustomBuild Include="SpriteBaseTextureEditor.h">
      <Filter>Source Files\DocumentEditors\SpriteBase</Filter>
    </CustomBuild>
    <CustomBuild Include="SpriteBaseTextureFrameElement.h">
      <Filter>Source Files\DocumentEditors\SpriteBase</Filter>
    </CustomBuild>
    <CustomBuild Include="SpriteBaseTextureFrameList.h">
      <Filter>Source Files\DocumentEditors\SpriteBase</Filter>
    </CustomBuild>
    <CustomBuild Include="SpriteBaseTextureImportDialog.h">
      <Filter>Source Files\DocumentEditors\SpriteBase</Filter>
    </CustomBuild>
    <CustomBuild Include="SpriteBaseTimeline.h">
      <Filter>Source Files\DocumentEditors\SpriteBase</Filter>
    </CustomBuild>
    <CustomBuild Include="SpriteBaseEditor.h">
      <Filter>Source Files\DocumentEditors\SpriteBase</Filter>
    </CustomBuild>
    <CustomBuild Include="SpriteEditor.h">
      <Filter>Source Files\DocumentEditors\Sprite</Filter>
    </CustomBuild>
    <CustomBuild Include="TileSheetEditor.h">
      <Filter>Source Files\DocumentEditors\TileSheet</Filter>
    </CustomBuild>
    <CustomBuild Include="MapEditor.h">
      <Filter>Source Files\DocumentEditors\MapEditor</Filter>
    </CustomBuild>
    <CustomBuild Include="MapEditorLayerList.h">
      <Filter>Source Files\DocumentEditors\MapEditor</Filter>
    </CustomBuild>
    <CustomBuild Include="MapEditorViewer.h">
      <Filter>Source Files\DocumentEditors\MapEditor</Filter>
    </CustomBuild>
    <CustomBuild Include="MapEditorTileSelector.h">
      <Filter>Source Files\DocumentEditors\MapEditor</Filter>
    </CustomBuild>
    <CustomBuild Include="MapEditorEntitySelector.h">
      <Filter>Source Files\DocumentEditors\MapEditor</Filter>
    </CustomBuild>
    <CustomBuild Include="MapEditorSelector.h">
      <Filter>Source Files\DocumentEditors\MapEditor</Filter>
    </CustomBuild>
    <CustomBuild Include="FrameEditorSingleBox.h">
      <Filter>Source Files\DocumentEditors\FrameEditor</Filter>
    </CustomBuild>
    <CustomBuild Include="FrameEditorContainer.h">
      <Filter>Source Files\DocumentEditors\FrameEditor</Filter>
    </CustomBuild>
    <CustomBuild Include="FrameEditorBase.h">
      <Filter>Source Files\DocumentEditors\FrameEditor</Filter>
    </CustomBuild>
    <CustomBuild Include="FrameEditorSingleLine.h">
      <Filter>Source Files\DocumentEditors\FrameEditor</Filter>
    </CustomBuild>
    <CustomBuild Include="FrameEditorMultiBox.h">
      <Filter>Source Files\DocumentEditors\FrameEditor</Filter>
    </CustomBuild>
    <CustomBuild Include="GameClientWidget.h">
      <Filter>Source Files</Filter>
    </CustomBuild>
    <CustomBuild Include="GameServerWidget.h">
      <Filter>Source Files</Filter>
    </CustomBuild>
    <CustomBuild Include="GameHostWidget.h">
      <Filter>Source Files</Filter>
    </CustomBuild>
    <CustomBuild Include="SelectFromListDialog.ui">
      <Filter>Form Files</Filter>
    </CustomBuild>
    <CustomBuild Include="SelectFromListDialog.h">
      <Filter>Source Files</Filter>
    </CustomBuild>
    <CustomBuild Include="ConfigEditor.h">
      <Filter>Source Files\DocumentEditors\ConfigEditor</Filter>
    </CustomBuild>
    <CustomBuild Include="FrameEditorLowerEdge.h">
      <Filter>Source Files\DocumentEditors\FrameEditor</Filter>
    </CustomBuild>
    <CustomBuild Include="UIEditor.h">
      <Filter>Source Files\DocumentEditors\UIEditor</Filter>
    </CustomBuild>
    <CustomBuild Include="UIEditorNodeList.h">
      <Filter>Source Files\DocumentEditors\UIEditor</Filter>
    </CustomBuild>
    <CustomBuild Include="UIEditorViewer.h">
      <Filter>Source Files\DocumentEditors\UIEditor</Filter>
    </CustomBuild>
    <CustomBuild Include="UIEquationEditor.h">
      <Filter>Source Files\DocumentEditors\UIEditor</Filter>
    </CustomBuild>
    <CustomBuild Include="UIEditorPropertyContainer.h">
      <Filter>Source Files\DocumentEditors\UIEditor</Filter>
    </CustomBuild>
    <CustomBuild Include="UIEditorEquationList.h">
      <Filter>Source Files\DocumentEditors\UIEditor</Filter>
    </CustomBuild>
    <CustomBuild Include="UIEditorOutputEquationList.h">
      <Filter>Source Files\DocumentEditors\UIEditor</Filter>
    </CustomBuild>
    <CustomBuild Include="UIOutputEquationEditor.h">
      <Filter>Source Files\DocumentEditors\UIEditor</Filter>
    </CustomBuild>
    <CustomBuild Include="VisualEffectEditor.h">
      <Filter>Source Files\DocumentEditors\VisualEffectEditor</Filter>
    </CustomBuild>
    <CustomBuild Include="VisualEffectEditorNodeList.h">
      <Filter>Source Files\DocumentEditors\VisualEffectEditor</Filter>
    </CustomBuild>
    <CustomBuild Include="VisualEffectEquationEditor.h">
      <Filter>Source Files\DocumentEditors\VisualEffectEditor</Filter>
    </CustomBuild>
    <CustomBuild Include="VisualEffectEditorEquationList.h">
      <Filter>Source Files\DocumentEditors\VisualEffectEditor</Filter>
    </CustomBuild>
    <CustomBuild Include="VisualEffectEditorPropertyContainer.h">
      <Filter>Source Files\DocumentEditors\VisualEffectEditor</Filter>
    </CustomBuild>
    <CustomBuild Include="VisualEffectEditorViewer.h">
      <Filter>Source Files\DocumentEditors\VisualEffectEditor</Filter>
    </CustomBuild>
    <CustomBuild Include="SpriteBaseAnimationEventEditorDialog.h">
      <Filter>Source Files\DocumentEditors\SpriteBase</Filter>
    </CustomBuild>
    <CustomBuild Include="SpriteBaseFrameDisplay.h">
      <Filter>Source Files\DocumentEditors\SpriteBase</Filter>
    </CustomBuild>
    <CustomBuild Include="SpriteBaseSkinListTextureElement.h">
      <Filter>Source Files\DocumentEditors\SpriteBase</Filter>
    </CustomBuild>
    <CustomBuild Include="SpriteBaseSkinListElement.h">
      <Filter>Source Files\DocumentEditors\SpriteBase</Filter>
    </CustomBuild>
    <CustomBuild Include="SpriteBaseSkinEditor.h">
      <Filter>Source Files\DocumentEditors\SpriteBase</Filter>
    </CustomBuild>
    <CustomBuild Include="MapEditorServerObjectSelector.h">
      <Filter>Source Files\DocumentEditors\MapEditor</Filter>
    </CustomBuild>
    <CustomBuild Include="ServerObjectEditor.h">
      <Filter>Source Files\DocumentEditors\ServerObjectEditor</Filter>
    </CustomBuild>
    <CustomBuild Include="MapEditorParalaxObjectSelector.h">
      <Filter>Source Files\DocumentEditors\MapEditor</Filter>
    </CustomBuild>
  </ItemGroup>
  <ItemGroup>
    <ClInclude Include="GeneratedFiles\ui_EditorContainer.h">
      <Filter>Generated Files</Filter>
    </ClInclude>
    <ClInclude Include="GeneratedFiles\ui_ConnectingDialog.h">
      <Filter>Generated Files</Filter>
    </ClInclude>
    <ClInclude Include="DocumentEditor.h">
      <Filter>Source Files</Filter>
    </ClInclude>
    <ClInclude Include="DocumentServerThread.h">
      <Filter>Source Files</Filter>
    </ClInclude>
    <ClInclude Include="PropertyEditorWidget.h">
      <Filter>Source Files\PropertyEditors</Filter>
    </ClInclude>
    <ClInclude Include="SimpleLabelListElement.h">
      <Filter>Source Files\CommonWidgets</Filter>
    </ClInclude>
    <ClInclude Include="GeneratedFiles\ui_SpriteTextureImportDialog.h">
      <Filter>Generated Files</Filter>
    </ClInclude>
    <ClInclude Include="DocumentValueWatcher.h">
      <Filter>Source Files</Filter>
    </ClInclude>
    <ClInclude Include="DocumentSubValueListMirror.h">
      <Filter>Source Files</Filter>
    </ClInclude>
    <ClInclude Include="GeneratedFiles\ui_AnimationFrameEditor.h">
      <Filter>Generated Files</Filter>
    </ClInclude>
    <ClInclude Include="SpriteBaseTextureLoadList.h">
      <Filter>Source Files\DocumentEditors\SpriteBase</Filter>
    </ClInclude>
    <ClInclude Include="SpriteBaseTimelineElement.h">
      <Filter>Source Files\DocumentEditors\SpriteBase</Filter>
    </ClInclude>
    <ClInclude Include="MapEditorLayer.h">
      <Filter>Source Files\DocumentEditors\MapEditor</Filter>
    </ClInclude>
    <ClInclude Include="MapEditorTileManager.h">
      <Filter>Source Files\DocumentEditors\MapEditor</Filter>
    </ClInclude>
    <ClInclude Include="DocumentListValueWatcher.h">
      <Filter>Source Files</Filter>
    </ClInclude>
    <ClInclude Include="MapEditorEntityManager.h">
      <Filter>Source Files\DocumentEditors\MapEditor</Filter>
    </ClInclude>
    <ClInclude Include="MapEditorToolManualTileLayerDraw.h">
      <Filter>Source Files\DocumentEditors\MapEditor\Tool</Filter>
    </ClInclude>
    <ClInclude Include="MapEditorToolBase.h">
      <Filter>Source Files\DocumentEditors\MapEditor\Tool</Filter>
    </ClInclude>
    <ClInclude Include="MapEditorToolEntityLayerDraw.h">
      <Filter>Source Files\DocumentEditors\MapEditor\Tool</Filter>
    </ClInclude>
    <ClInclude Include="MapEditorToolManualTileLayerSelect.h">
      <Filter>Source Files\DocumentEditors\MapEditor\Tool</Filter>
    </ClInclude>
    <ClInclude Include="MapEditorToolEntityLayerSelect.h">
      <Filter>Source Files\DocumentEditors\MapEditor\Tool</Filter>
    </ClInclude>
    <ClInclude Include="MapEditorParalaxLayer.h">
      <Filter>Source Files\DocumentEditors\MapEditor</Filter>
    </ClInclude>
    <ClInclude Include="FrameEditorUtil.h">
      <Filter>Source Files\DocumentEditors\FrameEditor</Filter>
    </ClInclude>
    <ClInclude Include="MapEditorVolume.h">
      <Filter>Source Files\DocumentEditors\MapEditor</Filter>
    </ClInclude>
    <ClInclude Include="DrawUtil.h">
      <Filter>Source Files\Utility</Filter>
    </ClInclude>
    <ClInclude Include="MapEditorToolVolumeCreate.h">
      <Filter>Source Files\DocumentEditors\MapEditor\Tool</Filter>
    </ClInclude>
    <ClInclude Include="MapEditorToolVolumeEditor.h">
      <Filter>Source Files\DocumentEditors\MapEditor\Tool</Filter>
    </ClInclude>
    <ClInclude Include="MapEditorPath.h">
      <Filter>Source Files\DocumentEditors\MapEditor</Filter>
    </ClInclude>
    <ClInclude Include="MapEditorToolPathCreate.h">
      <Filter>Source Files\DocumentEditors\MapEditor\Tool</Filter>
    </ClInclude>
    <ClInclude Include="MapEditorToolPathEditor.h">
      <Filter>Source Files\DocumentEditors\MapEditor\Tool</Filter>
    </ClInclude>
    <ClInclude Include="GeneratedFiles\ui_SelectFromListDialog.h">
      <Filter>Generated Files</Filter>
    </ClInclude>
    <ClInclude Include="DocumentEditorConfig.h">
      <Filter>Source Files</Filter>
    </ClInclude>
    <ClInclude Include="MapEditorLayerManager.h">
      <Filter>Source Files\DocumentEditors\MapEditor</Filter>
    </ClInclude>
    <ClInclude Include="MapEditorEffectLayer.h">
      <Filter>Source Files\DocumentEditors\MapEditor</Filter>
    </ClInclude>
    <ClInclude Include="MapEditorToolPathMultiEditor.h">
      <Filter>Source Files\DocumentEditors\MapEditor\Tool</Filter>
    </ClInclude>
    <ClInclude Include="MapEditorToolVolumeMultiEditor.h">
      <Filter>Source Files\DocumentEditors\MapEditor\Tool</Filter>
    </ClInclude>
    <ClInclude Include="MapEditorAnchor.h">
      <Filter>Source Files\DocumentEditors\MapEditor</Filter>
    </ClInclude>
    <ClInclude Include="MapEditorToolAnchorCreate.h">
      <Filter>Source Files\DocumentEditors\MapEditor\Tool</Filter>
    </ClInclude>
    <ClInclude Include="MapEditorToolAnchorEditor.h">
      <Filter>Source Files\DocumentEditors\MapEditor\Tool</Filter>
    </ClInclude>
    <ClInclude Include="MapEditorToolAnchorMultiEditor.h">
      <Filter>Source Files\DocumentEditors\MapEditor\Tool</Filter>
    </ClInclude>
    <ClInclude Include="UIEditorNode.h">
      <Filter>Source Files\DocumentEditors\UIEditor</Filter>
    </ClInclude>
    <ClInclude Include="VisualEffectEditorNodeSelection.h">
      <Filter>Source Files\DocumentEditors\VisualEffectEditor</Filter>
    </ClInclude>
    <ClInclude Include="DrawUtilQt.h">
      <Filter>Source Files\Utility</Filter>
    </ClInclude>
    <ClInclude Include="MapEditorToolManualTileLayerPreview.h">
      <Filter>Source Files\DocumentEditors\MapEditor\Tool</Filter>
    </ClInclude>
    <ClInclude Include="MapEditorServerObjectManager.h">
      <Filter>Source Files\DocumentEditors\MapEditor</Filter>
    </ClInclude>
    <ClInclude Include="MapEditorToolServerObjectLayerDraw.h">
      <Filter>Source Files\DocumentEditors\MapEditor\Tool</Filter>
    </ClInclude>
    <ClInclude Include="MapEditorToolServerObjectLayerSelect.h">
      <Filter>Source Files\DocumentEditors\MapEditor\Tool</Filter>
    </ClInclude>
    <ClInclude Include="MapEditorToolParalaxObjectLayerDraw.h">
      <Filter>Source Files\DocumentEditors\MapEditor\Tool</Filter>
    </ClInclude>
    <ClInclude Include="MapEditorToolParalaxObjectLayerSelect.h">
      <Filter>Source Files\DocumentEditors\MapEditor\Tool</Filter>
    </ClInclude>
    <ClInclude Include="MapEditorTypes.refl.h">
      <Filter>Source Files\DocumentEditors\MapEditor</Filter>
    </ClInclude>
    <ClInclude Include="MapEditorTypes.refl.meta.h">
      <Filter>Source Files\DocumentEditors\MapEditor</Filter>
    </ClInclude>
    <ClInclude Include="MapEditorToolAllLayers.h">
      <Filter>Source Files\DocumentEditors\MapEditor\Tool</Filter>
    </ClInclude>
  </ItemGroup>
  <ItemGroup>
    <ResourceCompile Include="Editor.rc" />
  </ItemGroup>
</Project>