<?xml version="1.0" encoding="utf-8"?>
<Project ToolsVersion="4.0" xmlns="http://schemas.microsoft.com/developer/msbuild/2003">
  <ItemGroup>
    <ClInclude Include="stdafx.h" />
    <ClInclude Include="targetver.h" />
    <ClInclude Include="TestTypes.refl.h" />
    <ClInclude Include="TestTypes.refl.meta.h" />
    <ClInclude Include="TestComponent\TestComponent.refl.h">
      <Filter>TestComponent</Filter>
    </ClInclude>
    <ClInclude Include="TestComponent\TestComponent.refl.meta.h">
      <Filter>TestComponent</Filter>
    </ClInclude>
  </ItemGroup>
  <ItemGroup>
    <ClCompile Include="UnitTests.cpp" />
    <ClCompile Include="TestComponent\TestComponent.refl.cpp">
      <Filter>TestComponent</Filter>
    </ClCompile>
    <ClCompile Include="TestComponent\TestComponent.refl.reg.cpp">
      <Filter>TestComponent</Filter>
    </ClCompile>
  </ItemGroup>
  <ItemGroup>
    <Filter Include="TestComponent">
      <UniqueIdentifier>{bc7014d0-2b00-4bf9-ad8f-91dc884b7101}</UniqueIdentifier>
    </Filter>
  </ItemGroup>
</Project>