<?xml version="1.0" encoding="utf-8"?>
<Project ToolsVersion="4.0" xmlns="http://schemas.microsoft.com/developer/msbuild/2003">
  <ItemGroup>
    <Filter Include="AssetBundle">
      <UniqueIdentifier>{af3fb2a9-d9d8-4a01-8c51-82cc3d8f0e1c}</UniqueIdentifier>
    </Filter>
  </ItemGroup>
  <ItemGroup>
    <ClInclude Include="AssetBundle\AssetBundle.h">
      <Filter>AssetBundle</Filter>
    </ClInclude>
    <ClInclude Include="SharedCommon.h" />
  </ItemGroup>
  <ItemGroup>
    <ClCompile Include="AssetBundle\AssetBundle.cpp">
      <Filter>AssetBundle</Filter>
    </ClCompile>
    <ClCompile Include="SharedCommon.cpp" />
  </ItemGroup>
</Project>